{
  "version": 4,
  "terraform_version": "0.13.4",
  "serial": 906,
  "lineage": "9a94c7a4-c39f-71f9-bf8e-a2a111a89462",
  "outputs": {
    "IP_Addresses": {
      "value": "\nClient public IPs: 3.235.146.1, 3.237.20.215, 3.236.220.116, 34.231.21.74\n\nServer public IPs: 18.204.56.106, 3.235.41.89, 3.226.76.226\n\nTo connect, add your private key and SSH into any client or server with\n`ssh ubuntu@PUBLIC_IP`. You can test the integrity of the cluster by running:\n\n  $ consul members\n  $ nomad server members\n  $ nomad node status\n\nIf you see an error message like the following when running any of the above\ncommands, it usually indicates that the configuration script has not finished\nexecuting:\n\n\"Error querying servers: Get http://127.0.0.1:4646/v1/agent/members: dial tcp\n127.0.0.1:4646: getsockopt: connection refused\"\n\nSimply wait a few seconds and rerun the command if this occurs.\n\nThe Nomad UI can be accessed at http://drifter-server-lb-1317669343.us-east-1.elb.amazonaws.com:4646/ui.\nThe Consul UI can be accessed at http://drifter-server-lb-1317669343.us-east-1.elb.amazonaws.com:8500/ui.\n\nSet the following for access from the Nomad CLI:\n\n  export NOMAD_ADDR=http://drifter-server-lb-1317669343.us-east-1.elb.amazonaws.com:4646\n\n",
      "type": "string"
    },
    "aws_efs_file_system": {
      "value": "# volume registration\ntype = \"csi\"\nid = \"drifter\"\nname = \"drifter\"\nexternal_id = \"fs-1112a2e4\"\naccess_mode = \"multi-node-multi-writer\"\nattachment_mode = \"file-system\"\nplugin_id = \"aws-efs0\"\n",
      "type": "string"
    }
  },
  "resources": [
    {
      "module": "module.hashistack",
      "mode": "data",
      "type": "aws_iam_policy_document",
      "name": "drifter_auto_discover_cluster",
      "provider": "provider[\"registry.terraform.io/hashicorp/aws\"]",
      "instances": [
        {
          "schema_version": 0,
          "attributes": {
            "id": "2069168386",
            "json": "{\n  \"Version\": \"2012-10-17\",\n  \"Statement\": [\n    {\n      \"Sid\": \"\",\n      \"Effect\": \"Allow\",\n      \"Action\": [\n        \"ec2:DescribeTags\",\n        \"ec2:DescribeInstances\",\n        \"autoscaling:DescribeAutoScalingGroups\"\n      ],\n      \"Resource\": \"*\"\n    }\n  ]\n}",
            "override_json": null,
            "policy_id": null,
            "source_json": null,
            "statement": [
              {
                "actions": [
                  "autoscaling:DescribeAutoScalingGroups",
                  "ec2:DescribeInstances",
                  "ec2:DescribeTags"
                ],
                "condition": [],
                "effect": "Allow",
                "not_actions": [],
                "not_principals": [],
                "not_resources": [],
                "principals": [],
                "resources": [
                  "*"
                ],
                "sid": ""
              }
            ],
            "version": "2012-10-17"
          }
        }
      ]
    },
    {
      "module": "module.hashistack",
      "mode": "data",
      "type": "aws_iam_policy_document",
      "name": "drifter_instance_role",
      "provider": "provider[\"registry.terraform.io/hashicorp/aws\"]",
      "instances": [
        {
          "schema_version": 0,
          "attributes": {
            "id": "1903849331",
            "json": "{\n  \"Version\": \"2012-10-17\",\n  \"Statement\": [\n    {\n      \"Sid\": \"\",\n      \"Effect\": \"Allow\",\n      \"Action\": \"sts:AssumeRole\",\n      \"Principal\": {\n        \"Service\": \"ec2.amazonaws.com\"\n      }\n    }\n  ]\n}",
            "override_json": null,
            "policy_id": null,
            "source_json": null,
            "statement": [
              {
                "actions": [
                  "sts:AssumeRole"
                ],
                "condition": [],
                "effect": "Allow",
                "not_actions": [],
                "not_principals": [],
                "not_resources": [],
                "principals": [
                  {
                    "identifiers": [
                      "ec2.amazonaws.com"
                    ],
                    "type": "Service"
                  }
                ],
                "resources": [],
                "sid": ""
              }
            ],
            "version": "2012-10-17"
          }
        }
      ]
    },
    {
      "module": "module.hashistack",
      "mode": "data",
      "type": "aws_vpc",
      "name": "default",
      "provider": "provider[\"registry.terraform.io/hashicorp/aws\"]",
      "instances": [
        {
          "schema_version": 0,
          "attributes": {
            "arn": "arn:aws:ec2:us-east-1:267023797923:vpc/vpc-271a045d",
            "cidr_block": "172.31.0.0/16",
            "cidr_block_associations": [
              {
                "association_id": "vpc-cidr-assoc-e4e70c8b",
                "cidr_block": "172.31.0.0/16",
                "state": "associated"
              }
            ],
            "default": true,
            "dhcp_options_id": "dopt-27c3785d",
            "enable_dns_hostnames": true,
            "enable_dns_support": true,
            "filter": null,
            "id": "vpc-271a045d",
            "instance_tenancy": "default",
            "ipv6_association_id": null,
            "ipv6_cidr_block": null,
            "main_route_table_id": "rtb-d36500ad",
            "owner_id": "267023797923",
            "state": "available",
            "tags": {}
          }
        }
      ]
    },
    {
      "module": "module.hashistack",
      "mode": "data",
      "type": "nomad_plugin",
      "name": "drifter_efs",
      "provider": "provider[\"registry.terraform.io/hashicorp/nomad\"]",
      "instances": [
        {
          "schema_version": 0,
          "attributes": {
            "controller_required": false,
            "controllers_expected": 0,
            "controllers_healthy": 0,
            "id": "aws-efs0",
            "nodes": [
              {
                "healthy": true,
                "healthy_description": "healthy",
                "name": "8c2f568e-1ea6-6871-2b3d-f0c48e825b99"
              },
              {
                "healthy": true,
                "healthy_description": "healthy",
                "name": "e66d0c58-9407-52fc-28c3-db6e46bc0397"
              },
              {
                "healthy": true,
                "healthy_description": "healthy",
                "name": "b9826349-f5dd-11f9-0a37-17fe78dedaf0"
              },
              {
                "healthy": true,
                "healthy_description": "healthy",
                "name": "de0a656a-aa5d-309f-ad7e-e3e386f8f2db"
              }
            ],
            "nodes_expected": 4,
            "nodes_healthy": 4,
            "plugin_id": "aws-efs0",
            "plugin_provider": "efs.csi.aws.com",
            "plugin_provider_version": "v0.4.0-dirty",
            "wait_for_healthy": true,
            "wait_for_registration": false
          }
        }
      ]
    },
    {
      "module": "module.hashistack",
      "mode": "data",
      "type": "template_file",
      "name": "user_data_client",
      "provider": "provider[\"registry.terraform.io/hashicorp/template\"]",
      "instances": [
        {
          "schema_version": 0,
          "attributes": {
            "filename": null,
            "id": "f951f6cd2cfe46a9258a667e6ab224d4dbcfcb3bd956915cd48a8c78f5b7da9d",
            "rendered": "#!/bin/bash\n\nset -e\n\nexec \u003e \u003e(sudo tee /var/log/user-data.log|logger -t user-data -s 2\u003e/dev/console) 2\u003e\u00261\nsudo bash /ops/shared/scripts/client.sh \"aws\" \"provider=aws  tag_key=ConsulAutoJoin  tag_value=auto-join \" \"none\"\n",
            "template": "#!/bin/bash\n\nset -e\n\nexec \u003e \u003e(sudo tee /var/log/user-data.log|logger -t user-data -s 2\u003e/dev/console) 2\u003e\u00261\nsudo bash /ops/shared/scripts/client.sh \"aws\" \"${retry_join}\" \"${nomad_binary}\"\n",
            "vars": {
              "nomad_binary": "none",
              "region": "us-east-1",
              "retry_join": "provider=aws  tag_key=ConsulAutoJoin  tag_value=auto-join "
            }
          }
        }
      ]
    },
    {
      "module": "module.hashistack",
      "mode": "data",
      "type": "template_file",
      "name": "user_data_server",
      "provider": "provider[\"registry.terraform.io/hashicorp/template\"]",
      "instances": [
        {
          "schema_version": 0,
          "attributes": {
            "filename": null,
            "id": "87f85d17d877863f2e198080956d31396eab937a724908478242cb129bdb06d7",
            "rendered": "#!/bin/bash\n\nset -e\n\nexec \u003e \u003e(sudo tee /var/log/user-data.log|logger -t user-data -s 2\u003e/dev/console) 2\u003e\u00261\nsudo bash /ops/shared/scripts/server.sh \"aws\" \"3\" \"provider=aws tag_key=ConsulAutoJoin tag_value=auto-join\" \"none\"\n",
            "template": "#!/bin/bash\n\nset -e\n\nexec \u003e \u003e(sudo tee /var/log/user-data.log|logger -t user-data -s 2\u003e/dev/console) 2\u003e\u00261\nsudo bash /ops/shared/scripts/server.sh \"aws\" \"${server_count}\" \"${retry_join}\" \"${nomad_binary}\"\n",
            "vars": {
              "nomad_binary": "none",
              "region": "us-east-1",
              "retry_join": "provider=aws tag_key=ConsulAutoJoin tag_value=auto-join",
              "server_count": "3"
            }
          }
        }
      ]
    },
    {
      "module": "module.hashistack",
      "mode": "managed",
      "type": "aws_efs_file_system",
      "name": "drifter",
      "provider": "provider[\"registry.terraform.io/hashicorp/aws\"]",
      "instances": [
        {
          "schema_version": 0,
          "attributes": {
            "arn": "arn:aws:elasticfilesystem:us-east-1:267023797923:file-system/fs-1112a2e4",
            "creation_token": "drifter",
            "dns_name": "fs-1112a2e4.efs.us-east-1.amazonaws.com",
            "encrypted": true,
            "id": "fs-1112a2e4",
            "kms_key_id": "arn:aws:kms:us-east-1:267023797923:key/cdf98a56-50b0-49f5-b701-7772aa25b09e",
            "lifecycle_policy": [],
            "performance_mode": "generalPurpose",
            "provisioned_throughput_in_mibps": 0,
            "tags": {
              "Name": "LvEfs"
            },
            "throughput_mode": "bursting"
          },
          "private": "bnVsbA=="
        }
      ]
    },
    {
      "module": "module.hashistack",
      "mode": "managed",
      "type": "aws_efs_mount_target",
      "name": "drifter1",
      "provider": "provider[\"registry.terraform.io/hashicorp/aws\"]",
      "instances": [
        {
          "schema_version": 0,
          "attributes": {
            "availability_zone_id": "use1-az4",
            "availability_zone_name": "us-east-1a",
            "dns_name": "fs-1112a2e4.efs.us-east-1.amazonaws.com",
            "file_system_arn": "arn:aws:elasticfilesystem:us-east-1:267023797923:file-system/fs-1112a2e4",
            "file_system_id": "fs-1112a2e4",
            "id": "fsmt-2be62fde",
            "ip_address": "172.31.23.3",
            "mount_target_dns_name": "us-east-1a.fs-1112a2e4.efs.us-east-1.amazonaws.com",
            "network_interface_id": "eni-0980e4a6475ad25f4",
            "owner_id": "267023797923",
            "security_groups": [
              "sg-0e87bdde1257fa076"
            ],
            "subnet_id": "subnet-fc1e8cb1"
          },
          "private": "bnVsbA==",
          "dependencies": [
            "module.hashistack.aws_efs_file_system.drifter",
            "module.hashistack.aws_security_group.drifter",
            "module.hashistack.data.aws_vpc.default"
          ]
        }
      ]
    },
    {
      "module": "module.hashistack",
      "mode": "managed",
      "type": "aws_efs_mount_target",
      "name": "drifter2",
      "provider": "provider[\"registry.terraform.io/hashicorp/aws\"]",
      "instances": [
        {
          "schema_version": 0,
          "attributes": {
            "availability_zone_id": "use1-az5",
            "availability_zone_name": "us-east-1f",
            "dns_name": "fs-1112a2e4.efs.us-east-1.amazonaws.com",
            "file_system_arn": "arn:aws:elasticfilesystem:us-east-1:267023797923:file-system/fs-1112a2e4",
            "file_system_id": "fs-1112a2e4",
            "id": "fsmt-28e62fdd",
            "ip_address": "172.31.64.166",
            "mount_target_dns_name": "us-east-1f.fs-1112a2e4.efs.us-east-1.amazonaws.com",
            "network_interface_id": "eni-09df2324a381082a1",
            "owner_id": "267023797923",
            "security_groups": [
              "sg-0e87bdde1257fa076"
            ],
            "subnet_id": "subnet-6564e06b"
          },
          "private": "bnVsbA==",
          "dependencies": [
            "module.hashistack.aws_efs_file_system.drifter",
            "module.hashistack.aws_security_group.drifter",
            "module.hashistack.data.aws_vpc.default"
          ]
        }
      ]
    },
    {
      "module": "module.hashistack",
      "mode": "managed",
      "type": "aws_elb",
      "name": "drifter_server_lb",
      "provider": "provider[\"registry.terraform.io/hashicorp/aws\"]",
      "instances": [
        {
          "schema_version": 0,
          "attributes": {
            "access_logs": [],
            "arn": "arn:aws:elasticloadbalancing:us-east-1:267023797923:loadbalancer/drifter-server-lb",
            "availability_zones": [
              "us-east-1f"
            ],
            "connection_draining": false,
            "connection_draining_timeout": 300,
            "cross_zone_load_balancing": true,
            "dns_name": "drifter-server-lb-1317669343.us-east-1.elb.amazonaws.com",
            "health_check": [
              {
                "healthy_threshold": 10,
                "interval": 30,
                "target": "TCP:4646",
                "timeout": 5,
                "unhealthy_threshold": 2
              }
            ],
            "id": "drifter-server-lb",
            "idle_timeout": 60,
            "instances": [
              "i-05d194b37b15c97b3",
              "i-07394b1ea51363ce4",
              "i-0aff3fc83ab5ca503"
            ],
            "internal": false,
            "listener": [
              {
                "instance_port": 4646,
                "instance_protocol": "http",
                "lb_port": 4646,
                "lb_protocol": "http",
                "ssl_certificate_id": ""
              },
              {
                "instance_port": 8500,
                "instance_protocol": "http",
                "lb_port": 8500,
                "lb_protocol": "http",
                "ssl_certificate_id": ""
              }
            ],
            "name": "drifter-server-lb",
            "name_prefix": null,
            "security_groups": [
              "sg-00d5bd9df4ab02516"
            ],
            "source_security_group": "267023797923/drifter-server-lb",
            "source_security_group_id": "sg-00d5bd9df4ab02516",
            "subnets": [
              "subnet-6564e06b"
            ],
            "tags": {},
            "zone_id": "Z35SXDOTRQ7X7K"
          },
          "private": "bnVsbA==",
          "dependencies": [
            "module.hashistack.aws_iam_instance_profile.drifter_instance_profile",
            "module.hashistack.aws_iam_role.drifter_instance_role",
            "module.hashistack.aws_instance.drifter-server",
            "module.hashistack.aws_security_group.drifter_primary",
            "module.hashistack.aws_security_group.drifter_server_lb",
            "module.hashistack.data.aws_iam_policy_document.drifter_instance_role",
            "module.hashistack.data.aws_vpc.default",
            "module.hashistack.data.template_file.user_data_server"
          ]
        }
      ]
    },
    {
      "module": "module.hashistack",
      "mode": "managed",
      "type": "aws_iam_instance_profile",
      "name": "drifter_instance_profile",
      "provider": "provider[\"registry.terraform.io/hashicorp/aws\"]",
      "instances": [
        {
          "schema_version": 0,
          "attributes": {
            "arn": "arn:aws:iam::267023797923:instance-profile/drifter20201120212337053100000003",
            "create_date": "2020-11-20T21:23:37Z",
            "id": "drifter20201120212337053100000003",
            "name": "drifter20201120212337053100000003",
            "name_prefix": "drifter",
            "path": "/",
            "role": "drifter20201120212336155300000001",
            "unique_id": "AIPAT4K63Z2RQVXRK4ORW"
          },
          "private": "bnVsbA==",
          "dependencies": [
            "module.hashistack.aws_iam_role.drifter_instance_role",
            "module.hashistack.data.aws_iam_policy_document.drifter_instance_role"
          ]
        }
      ]
    },
    {
      "module": "module.hashistack",
      "mode": "managed",
      "type": "aws_iam_role",
      "name": "drifter_instance_role",
      "provider": "provider[\"registry.terraform.io/hashicorp/aws\"]",
      "instances": [
        {
          "schema_version": 0,
          "attributes": {
            "arn": "arn:aws:iam::267023797923:role/drifter20201120212336155300000001",
            "assume_role_policy": "{\"Version\":\"2012-10-17\",\"Statement\":[{\"Sid\":\"\",\"Effect\":\"Allow\",\"Principal\":{\"Service\":\"ec2.amazonaws.com\"},\"Action\":\"sts:AssumeRole\"}]}",
            "create_date": "2020-11-20T21:23:36Z",
            "description": "",
            "force_detach_policies": false,
            "id": "drifter20201120212336155300000001",
            "max_session_duration": 3600,
            "name": "drifter20201120212336155300000001",
            "name_prefix": "drifter",
            "path": "/",
            "permissions_boundary": null,
            "tags": {},
            "unique_id": "AROAT4K63Z2R3SU52JLFK"
          },
          "private": "bnVsbA==",
          "dependencies": [
            "module.hashistack.data.aws_iam_policy_document.drifter_instance_role"
          ]
        }
      ]
    },
    {
      "module": "module.hashistack",
      "mode": "managed",
      "type": "aws_iam_role_policy",
      "name": "drifter_auto_discover_cluster",
      "provider": "provider[\"registry.terraform.io/hashicorp/aws\"]",
      "instances": [
        {
          "schema_version": 0,
          "attributes": {
            "id": "drifter20201120212336155300000001:auto-discover-cluster",
            "name": "auto-discover-cluster",
            "name_prefix": null,
            "policy": "{\n  \"Version\": \"2012-10-17\",\n  \"Statement\": [\n    {\n      \"Sid\": \"\",\n      \"Effect\": \"Allow\",\n      \"Action\": [\n        \"ec2:DescribeTags\",\n        \"ec2:DescribeInstances\",\n        \"autoscaling:DescribeAutoScalingGroups\"\n      ],\n      \"Resource\": \"*\"\n    }\n  ]\n}",
            "role": "drifter20201120212336155300000001"
          },
          "private": "bnVsbA==",
          "dependencies": [
            "module.hashistack.aws_iam_role.drifter_instance_role",
            "module.hashistack.data.aws_iam_policy_document.drifter_auto_discover_cluster",
            "module.hashistack.data.aws_iam_policy_document.drifter_instance_role"
          ]
        }
      ]
    },
    {
      "module": "module.hashistack",
      "mode": "managed",
      "type": "aws_instance",
      "name": "drifter-client",
      "provider": "provider[\"registry.terraform.io/hashicorp/aws\"]",
      "instances": [
        {
          "index_key": 0,
          "schema_version": 1,
          "attributes": {
            "ami": "ami-0991c8855b25fb5ff",
            "arn": "arn:aws:ec2:us-east-1:267023797923:instance/i-0b0e3481c96d9a066",
            "associate_public_ip_address": true,
            "availability_zone": "us-east-1f",
            "cpu_core_count": 2,
            "cpu_threads_per_core": 1,
            "credit_specification": [
              {
                "cpu_credits": "standard"
              }
            ],
            "disable_api_termination": false,
            "ebs_block_device": [
              {
                "delete_on_termination": true,
                "device_name": "/dev/xvdd",
                "encrypted": false,
                "iops": 150,
                "kms_key_id": "",
                "snapshot_id": "",
                "volume_id": "vol-00f79a2b8ff1dab9b",
                "volume_size": 50,
                "volume_type": "gp2"
              }
            ],
            "ebs_optimized": false,
            "ephemeral_block_device": [],
            "get_password_data": false,
            "hibernation": false,
            "host_id": null,
            "iam_instance_profile": "drifter20201120212337053100000003",
            "id": "i-0b0e3481c96d9a066",
            "instance_initiated_shutdown_behavior": null,
            "instance_state": "running",
            "instance_type": "t2.medium",
            "ipv6_address_count": 0,
            "ipv6_addresses": [],
            "key_name": "lvd-nomad",
            "metadata_options": [
              {
                "http_endpoint": "enabled",
                "http_put_response_hop_limit": 1,
                "http_tokens": "optional"
              }
            ],
            "monitoring": false,
            "network_interface": [],
            "outpost_arn": "",
            "password_data": "",
            "placement_group": "",
            "primary_network_interface_id": "eni-0aa844d675c08ed47",
            "private_dns": "ip-172-31-76-111.ec2.internal",
            "private_ip": "172.31.76.111",
            "public_dns": "ec2-3-235-146-1.compute-1.amazonaws.com",
            "public_ip": "3.235.146.1",
            "root_block_device": [
              {
                "delete_on_termination": true,
                "device_name": "/dev/sda1",
                "encrypted": false,
                "iops": 100,
                "kms_key_id": "",
                "volume_id": "vol-0fce922eeb99f2a86",
                "volume_size": 16,
                "volume_type": "gp2"
              }
            ],
            "secondary_private_ips": [],
            "security_groups": [
              "drifter"
            ],
            "source_dest_check": true,
            "subnet_id": "subnet-6564e06b",
            "tags": {
              "ConsulAutoJoin": "auto-join",
              "Name": "drifter-client-0"
            },
            "tenancy": "default",
            "timeouts": null,
            "user_data": "df77e7ce69459dc51b79089dec6a57b6754dd2ef",
            "user_data_base64": null,
            "volume_tags": {},
            "vpc_security_group_ids": [
              "sg-05c37835241f9ec18"
            ]
          },
          "private": "eyJlMmJmYjczMC1lY2FhLTExZTYtOGY4OC0zNDM2M2JjN2M0YzAiOnsiY3JlYXRlIjo2MDAwMDAwMDAwMDAsImRlbGV0ZSI6MTIwMDAwMDAwMDAwMCwidXBkYXRlIjo2MDAwMDAwMDAwMDB9LCJzY2hlbWFfdmVyc2lvbiI6IjEifQ==",
          "dependencies": [
            "module.hashistack.aws_iam_instance_profile.drifter_instance_profile",
            "module.hashistack.aws_iam_role.drifter_instance_role",
            "module.hashistack.aws_instance.drifter-server",
            "module.hashistack.aws_security_group.drifter_primary",
            "module.hashistack.aws_security_group.drifter_server_lb",
            "module.hashistack.data.aws_iam_policy_document.drifter_instance_role",
            "module.hashistack.data.aws_vpc.default",
            "module.hashistack.data.template_file.user_data_client",
            "module.hashistack.data.template_file.user_data_server"
          ]
        },
        {
          "index_key": 1,
          "schema_version": 1,
          "attributes": {
            "ami": "ami-0991c8855b25fb5ff",
            "arn": "arn:aws:ec2:us-east-1:267023797923:instance/i-062bc89e2efd9adff",
            "associate_public_ip_address": true,
            "availability_zone": "us-east-1f",
            "cpu_core_count": 2,
            "cpu_threads_per_core": 1,
            "credit_specification": [
              {
                "cpu_credits": "standard"
              }
            ],
            "disable_api_termination": false,
            "ebs_block_device": [
              {
                "delete_on_termination": true,
                "device_name": "/dev/xvdd",
                "encrypted": false,
                "iops": 150,
                "kms_key_id": "",
                "snapshot_id": "",
                "volume_id": "vol-0fa816c5a216be1e4",
                "volume_size": 50,
                "volume_type": "gp2"
              }
            ],
            "ebs_optimized": false,
            "ephemeral_block_device": [],
            "get_password_data": false,
            "hibernation": false,
            "host_id": null,
            "iam_instance_profile": "drifter20201120212337053100000003",
            "id": "i-062bc89e2efd9adff",
            "instance_initiated_shutdown_behavior": null,
            "instance_state": "running",
            "instance_type": "t2.medium",
            "ipv6_address_count": 0,
            "ipv6_addresses": [],
            "key_name": "lvd-nomad",
            "metadata_options": [
              {
                "http_endpoint": "enabled",
                "http_put_response_hop_limit": 1,
                "http_tokens": "optional"
              }
            ],
            "monitoring": false,
            "network_interface": [],
            "outpost_arn": "",
            "password_data": "",
            "placement_group": "",
            "primary_network_interface_id": "eni-0a604d491618467f3",
            "private_dns": "ip-172-31-65-143.ec2.internal",
            "private_ip": "172.31.65.143",
            "public_dns": "ec2-3-237-20-215.compute-1.amazonaws.com",
            "public_ip": "3.237.20.215",
            "root_block_device": [
              {
                "delete_on_termination": true,
                "device_name": "/dev/sda1",
                "encrypted": false,
                "iops": 100,
                "kms_key_id": "",
                "volume_id": "vol-06dd39f8887e8fc77",
                "volume_size": 16,
                "volume_type": "gp2"
              }
            ],
            "secondary_private_ips": [],
            "security_groups": [
              "drifter"
            ],
            "source_dest_check": true,
            "subnet_id": "subnet-6564e06b",
            "tags": {
              "ConsulAutoJoin": "auto-join",
              "Name": "drifter-client-1"
            },
            "tenancy": "default",
            "timeouts": null,
            "user_data": "df77e7ce69459dc51b79089dec6a57b6754dd2ef",
            "user_data_base64": null,
            "volume_tags": {},
            "vpc_security_group_ids": [
              "sg-05c37835241f9ec18"
            ]
          },
          "private": "eyJlMmJmYjczMC1lY2FhLTExZTYtOGY4OC0zNDM2M2JjN2M0YzAiOnsiY3JlYXRlIjo2MDAwMDAwMDAwMDAsImRlbGV0ZSI6MTIwMDAwMDAwMDAwMCwidXBkYXRlIjo2MDAwMDAwMDAwMDB9LCJzY2hlbWFfdmVyc2lvbiI6IjEifQ==",
          "dependencies": [
            "module.hashistack.aws_iam_instance_profile.drifter_instance_profile",
            "module.hashistack.aws_iam_role.drifter_instance_role",
            "module.hashistack.aws_instance.drifter-server",
            "module.hashistack.aws_security_group.drifter_primary",
            "module.hashistack.aws_security_group.drifter_server_lb",
            "module.hashistack.data.aws_iam_policy_document.drifter_instance_role",
            "module.hashistack.data.aws_vpc.default",
            "module.hashistack.data.template_file.user_data_client",
            "module.hashistack.data.template_file.user_data_server"
          ]
        },
        {
          "index_key": 2,
          "schema_version": 1,
          "attributes": {
            "ami": "ami-0991c8855b25fb5ff",
            "arn": "arn:aws:ec2:us-east-1:267023797923:instance/i-0844aa5c493c8fcfd",
            "associate_public_ip_address": true,
            "availability_zone": "us-east-1f",
            "cpu_core_count": 2,
            "cpu_threads_per_core": 1,
            "credit_specification": [
              {
                "cpu_credits": "standard"
              }
            ],
            "disable_api_termination": false,
            "ebs_block_device": [
              {
                "delete_on_termination": true,
                "device_name": "/dev/xvdd",
                "encrypted": false,
                "iops": 150,
                "kms_key_id": "",
                "snapshot_id": "",
                "volume_id": "vol-0ad2d8d1a5ee4cd37",
                "volume_size": 50,
                "volume_type": "gp2"
              }
            ],
            "ebs_optimized": false,
            "ephemeral_block_device": [],
            "get_password_data": false,
            "hibernation": false,
            "host_id": null,
            "iam_instance_profile": "drifter20201120212337053100000003",
            "id": "i-0844aa5c493c8fcfd",
            "instance_initiated_shutdown_behavior": null,
            "instance_state": "running",
            "instance_type": "t2.medium",
            "ipv6_address_count": 0,
            "ipv6_addresses": [],
            "key_name": "lvd-nomad",
            "metadata_options": [
              {
                "http_endpoint": "enabled",
                "http_put_response_hop_limit": 1,
                "http_tokens": "optional"
              }
            ],
            "monitoring": false,
            "network_interface": [],
            "outpost_arn": "",
            "password_data": "",
            "placement_group": "",
            "primary_network_interface_id": "eni-096e7baa303c0676c",
            "private_dns": "ip-172-31-70-249.ec2.internal",
            "private_ip": "172.31.70.249",
            "public_dns": "ec2-3-236-220-116.compute-1.amazonaws.com",
            "public_ip": "3.236.220.116",
            "root_block_device": [
              {
                "delete_on_termination": true,
                "device_name": "/dev/sda1",
                "encrypted": false,
                "iops": 100,
                "kms_key_id": "",
                "volume_id": "vol-0af3d0f53d951c718",
                "volume_size": 16,
                "volume_type": "gp2"
              }
            ],
            "secondary_private_ips": [],
            "security_groups": [
              "drifter"
            ],
            "source_dest_check": true,
            "subnet_id": "subnet-6564e06b",
            "tags": {
              "ConsulAutoJoin": "auto-join",
              "Name": "drifter-client-2"
            },
            "tenancy": "default",
            "timeouts": null,
            "user_data": "df77e7ce69459dc51b79089dec6a57b6754dd2ef",
            "user_data_base64": null,
            "volume_tags": {},
            "vpc_security_group_ids": [
              "sg-05c37835241f9ec18"
            ]
          },
          "private": "eyJlMmJmYjczMC1lY2FhLTExZTYtOGY4OC0zNDM2M2JjN2M0YzAiOnsiY3JlYXRlIjo2MDAwMDAwMDAwMDAsImRlbGV0ZSI6MTIwMDAwMDAwMDAwMCwidXBkYXRlIjo2MDAwMDAwMDAwMDB9LCJzY2hlbWFfdmVyc2lvbiI6IjEifQ==",
          "dependencies": [
            "module.hashistack.aws_iam_instance_profile.drifter_instance_profile",
            "module.hashistack.aws_iam_role.drifter_instance_role",
            "module.hashistack.aws_instance.drifter-server",
            "module.hashistack.aws_security_group.drifter_primary",
            "module.hashistack.aws_security_group.drifter_server_lb",
            "module.hashistack.data.aws_iam_policy_document.drifter_instance_role",
            "module.hashistack.data.aws_vpc.default",
            "module.hashistack.data.template_file.user_data_client",
            "module.hashistack.data.template_file.user_data_server"
          ]
        },
        {
          "index_key": 3,
          "schema_version": 1,
          "attributes": {
            "ami": "ami-0991c8855b25fb5ff",
            "arn": "arn:aws:ec2:us-east-1:267023797923:instance/i-0256f7136b808c6fd",
            "associate_public_ip_address": true,
            "availability_zone": "us-east-1f",
            "cpu_core_count": 2,
            "cpu_threads_per_core": 1,
            "credit_specification": [
              {
                "cpu_credits": "standard"
              }
            ],
            "disable_api_termination": false,
            "ebs_block_device": [
              {
                "delete_on_termination": true,
                "device_name": "/dev/xvdd",
                "encrypted": false,
                "iops": 150,
                "kms_key_id": "",
                "snapshot_id": "",
                "volume_id": "vol-076d3fc166e68dba6",
                "volume_size": 50,
                "volume_type": "gp2"
              }
            ],
            "ebs_optimized": false,
            "ephemeral_block_device": [],
            "get_password_data": false,
            "hibernation": false,
            "host_id": null,
            "iam_instance_profile": "drifter20201120212337053100000003",
            "id": "i-0256f7136b808c6fd",
            "instance_initiated_shutdown_behavior": null,
            "instance_state": "running",
            "instance_type": "t2.medium",
            "ipv6_address_count": 0,
            "ipv6_addresses": [],
            "key_name": "lvd-nomad",
            "metadata_options": [
              {
                "http_endpoint": "enabled",
                "http_put_response_hop_limit": 1,
                "http_tokens": "optional"
              }
            ],
            "monitoring": false,
            "network_interface": [],
            "outpost_arn": "",
            "password_data": "",
            "placement_group": "",
            "primary_network_interface_id": "eni-0b98fd8ded1061e24",
            "private_dns": "ip-172-31-71-78.ec2.internal",
            "private_ip": "172.31.71.78",
            "public_dns": "ec2-34-231-21-74.compute-1.amazonaws.com",
            "public_ip": "34.231.21.74",
            "root_block_device": [
              {
                "delete_on_termination": true,
                "device_name": "/dev/sda1",
                "encrypted": false,
                "iops": 100,
                "kms_key_id": "",
                "volume_id": "vol-01ab70cba3b022ec4",
                "volume_size": 16,
                "volume_type": "gp2"
              }
            ],
            "secondary_private_ips": [],
            "security_groups": [
              "drifter"
            ],
            "source_dest_check": true,
            "subnet_id": "subnet-6564e06b",
            "tags": {
              "ConsulAutoJoin": "auto-join",
              "Name": "drifter-client-3"
            },
            "tenancy": "default",
            "timeouts": null,
            "user_data": "df77e7ce69459dc51b79089dec6a57b6754dd2ef",
            "user_data_base64": null,
            "volume_tags": {},
            "vpc_security_group_ids": [
              "sg-05c37835241f9ec18"
            ]
          },
          "private": "eyJlMmJmYjczMC1lY2FhLTExZTYtOGY4OC0zNDM2M2JjN2M0YzAiOnsiY3JlYXRlIjo2MDAwMDAwMDAwMDAsImRlbGV0ZSI6MTIwMDAwMDAwMDAwMCwidXBkYXRlIjo2MDAwMDAwMDAwMDB9LCJzY2hlbWFfdmVyc2lvbiI6IjEifQ==",
          "dependencies": [
            "module.hashistack.aws_iam_instance_profile.drifter_instance_profile",
            "module.hashistack.aws_iam_role.drifter_instance_role",
            "module.hashistack.aws_instance.drifter-server",
            "module.hashistack.aws_security_group.drifter_primary",
            "module.hashistack.aws_security_group.drifter_server_lb",
            "module.hashistack.data.aws_iam_policy_document.drifter_instance_role",
            "module.hashistack.data.aws_vpc.default",
            "module.hashistack.data.template_file.user_data_client",
            "module.hashistack.data.template_file.user_data_server"
          ]
        }
      ]
    },
    {
      "module": "module.hashistack",
      "mode": "managed",
      "type": "aws_instance",
      "name": "drifter-server",
      "provider": "provider[\"registry.terraform.io/hashicorp/aws\"]",
      "instances": [
        {
          "index_key": 0,
          "schema_version": 1,
          "attributes": {
            "ami": "ami-0991c8855b25fb5ff",
            "arn": "arn:aws:ec2:us-east-1:267023797923:instance/i-05d194b37b15c97b3",
            "associate_public_ip_address": true,
            "availability_zone": "us-east-1f",
            "cpu_core_count": 2,
            "cpu_threads_per_core": 1,
            "credit_specification": [
              {
                "cpu_credits": "standard"
              }
            ],
            "disable_api_termination": false,
            "ebs_block_device": [],
            "ebs_optimized": false,
            "ephemeral_block_device": [],
            "get_password_data": false,
            "hibernation": false,
            "host_id": null,
            "iam_instance_profile": "drifter20201120212337053100000003",
            "id": "i-05d194b37b15c97b3",
            "instance_initiated_shutdown_behavior": null,
            "instance_state": "running",
            "instance_type": "t2.medium",
            "ipv6_address_count": 0,
            "ipv6_addresses": [],
            "key_name": "lvd-nomad",
            "metadata_options": [
              {
                "http_endpoint": "enabled",
                "http_put_response_hop_limit": 1,
                "http_tokens": "optional"
              }
            ],
            "monitoring": false,
            "network_interface": [],
            "outpost_arn": "",
            "password_data": "",
            "placement_group": "",
            "primary_network_interface_id": "eni-062cf2afba651369e",
            "private_dns": "ip-172-31-67-161.ec2.internal",
            "private_ip": "172.31.67.161",
            "public_dns": "ec2-18-204-56-106.compute-1.amazonaws.com",
            "public_ip": "18.204.56.106",
            "root_block_device": [
              {
                "delete_on_termination": true,
                "device_name": "/dev/sda1",
                "encrypted": false,
                "iops": 100,
                "kms_key_id": "",
                "volume_id": "vol-07e3fc1adf24cb4b8",
                "volume_size": 16,
                "volume_type": "gp2"
              }
            ],
            "secondary_private_ips": [],
            "security_groups": [
              "drifter"
            ],
            "source_dest_check": true,
            "subnet_id": "subnet-6564e06b",
            "tags": {
              "ConsulAutoJoin": "auto-join",
              "Name": "drifter-server-0"
            },
            "tenancy": "default",
            "timeouts": null,
            "user_data": "46b428be1f2525c18a3462d07fb514d3baf7afd8",
            "user_data_base64": null,
            "volume_tags": {},
            "vpc_security_group_ids": [
              "sg-05c37835241f9ec18"
            ]
          },
          "private": "eyJlMmJmYjczMC1lY2FhLTExZTYtOGY4OC0zNDM2M2JjN2M0YzAiOnsiY3JlYXRlIjo2MDAwMDAwMDAwMDAsImRlbGV0ZSI6MTIwMDAwMDAwMDAwMCwidXBkYXRlIjo2MDAwMDAwMDAwMDB9LCJzY2hlbWFfdmVyc2lvbiI6IjEifQ==",
          "dependencies": [
            "module.hashistack.aws_iam_instance_profile.drifter_instance_profile",
            "module.hashistack.aws_iam_role.drifter_instance_role",
            "module.hashistack.aws_security_group.drifter_primary",
            "module.hashistack.aws_security_group.drifter_server_lb",
            "module.hashistack.data.aws_iam_policy_document.drifter_instance_role",
            "module.hashistack.data.aws_vpc.default",
            "module.hashistack.data.template_file.user_data_server"
          ]
        },
        {
          "index_key": 1,
          "schema_version": 1,
          "attributes": {
            "ami": "ami-0991c8855b25fb5ff",
            "arn": "arn:aws:ec2:us-east-1:267023797923:instance/i-0aff3fc83ab5ca503",
            "associate_public_ip_address": true,
            "availability_zone": "us-east-1f",
            "cpu_core_count": 2,
            "cpu_threads_per_core": 1,
            "credit_specification": [
              {
                "cpu_credits": "standard"
              }
            ],
            "disable_api_termination": false,
            "ebs_block_device": [],
            "ebs_optimized": false,
            "ephemeral_block_device": [],
            "get_password_data": false,
            "hibernation": false,
            "host_id": null,
            "iam_instance_profile": "drifter20201120212337053100000003",
            "id": "i-0aff3fc83ab5ca503",
            "instance_initiated_shutdown_behavior": null,
            "instance_state": "running",
            "instance_type": "t2.medium",
            "ipv6_address_count": 0,
            "ipv6_addresses": [],
            "key_name": "lvd-nomad",
            "metadata_options": [
              {
                "http_endpoint": "enabled",
                "http_put_response_hop_limit": 1,
                "http_tokens": "optional"
              }
            ],
            "monitoring": false,
            "network_interface": [],
            "outpost_arn": "",
            "password_data": "",
            "placement_group": "",
            "primary_network_interface_id": "eni-0c7ddbe8c6b03c91a",
            "private_dns": "ip-172-31-78-14.ec2.internal",
            "private_ip": "172.31.78.14",
            "public_dns": "ec2-3-235-41-89.compute-1.amazonaws.com",
            "public_ip": "3.235.41.89",
            "root_block_device": [
              {
                "delete_on_termination": true,
                "device_name": "/dev/sda1",
                "encrypted": false,
                "iops": 100,
                "kms_key_id": "",
                "volume_id": "vol-0d685686bf7296db6",
                "volume_size": 16,
                "volume_type": "gp2"
              }
            ],
            "secondary_private_ips": [],
            "security_groups": [
              "drifter"
            ],
            "source_dest_check": true,
            "subnet_id": "subnet-6564e06b",
            "tags": {
              "ConsulAutoJoin": "auto-join",
              "Name": "drifter-server-1"
            },
            "tenancy": "default",
            "timeouts": null,
            "user_data": "46b428be1f2525c18a3462d07fb514d3baf7afd8",
            "user_data_base64": null,
            "volume_tags": {},
            "vpc_security_group_ids": [
              "sg-05c37835241f9ec18"
            ]
          },
          "private": "eyJlMmJmYjczMC1lY2FhLTExZTYtOGY4OC0zNDM2M2JjN2M0YzAiOnsiY3JlYXRlIjo2MDAwMDAwMDAwMDAsImRlbGV0ZSI6MTIwMDAwMDAwMDAwMCwidXBkYXRlIjo2MDAwMDAwMDAwMDB9LCJzY2hlbWFfdmVyc2lvbiI6IjEifQ==",
          "dependencies": [
            "module.hashistack.aws_iam_instance_profile.drifter_instance_profile",
            "module.hashistack.aws_iam_role.drifter_instance_role",
            "module.hashistack.aws_security_group.drifter_primary",
            "module.hashistack.aws_security_group.drifter_server_lb",
            "module.hashistack.data.aws_iam_policy_document.drifter_instance_role",
            "module.hashistack.data.aws_vpc.default",
            "module.hashistack.data.template_file.user_data_server"
          ]
        },
        {
          "index_key": 2,
          "schema_version": 1,
          "attributes": {
            "ami": "ami-0991c8855b25fb5ff",
            "arn": "arn:aws:ec2:us-east-1:267023797923:instance/i-07394b1ea51363ce4",
            "associate_public_ip_address": true,
            "availability_zone": "us-east-1f",
            "cpu_core_count": 2,
            "cpu_threads_per_core": 1,
            "credit_specification": [
              {
                "cpu_credits": "standard"
              }
            ],
            "disable_api_termination": false,
            "ebs_block_device": [],
            "ebs_optimized": false,
            "ephemeral_block_device": [],
            "get_password_data": false,
            "hibernation": false,
            "host_id": null,
            "iam_instance_profile": "drifter20201120212337053100000003",
            "id": "i-07394b1ea51363ce4",
            "instance_initiated_shutdown_behavior": null,
            "instance_state": "running",
            "instance_type": "t2.medium",
            "ipv6_address_count": 0,
            "ipv6_addresses": [],
            "key_name": "lvd-nomad",
            "metadata_options": [
              {
                "http_endpoint": "enabled",
                "http_put_response_hop_limit": 1,
                "http_tokens": "optional"
              }
            ],
            "monitoring": false,
            "network_interface": [],
            "outpost_arn": "",
            "password_data": "",
            "placement_group": "",
            "primary_network_interface_id": "eni-0719e5627104b43d9",
            "private_dns": "ip-172-31-72-24.ec2.internal",
            "private_ip": "172.31.72.24",
            "public_dns": "ec2-3-226-76-226.compute-1.amazonaws.com",
            "public_ip": "3.226.76.226",
            "root_block_device": [
              {
                "delete_on_termination": true,
                "device_name": "/dev/sda1",
                "encrypted": false,
                "iops": 100,
                "kms_key_id": "",
                "volume_id": "vol-005960dfbd08c55ba",
                "volume_size": 16,
                "volume_type": "gp2"
              }
            ],
            "secondary_private_ips": [],
            "security_groups": [
              "drifter"
            ],
            "source_dest_check": true,
            "subnet_id": "subnet-6564e06b",
            "tags": {
              "ConsulAutoJoin": "auto-join",
              "Name": "drifter-server-2"
            },
            "tenancy": "default",
            "timeouts": null,
            "user_data": "46b428be1f2525c18a3462d07fb514d3baf7afd8",
            "user_data_base64": null,
            "volume_tags": {},
            "vpc_security_group_ids": [
              "sg-05c37835241f9ec18"
            ]
          },
          "private": "eyJlMmJmYjczMC1lY2FhLTExZTYtOGY4OC0zNDM2M2JjN2M0YzAiOnsiY3JlYXRlIjo2MDAwMDAwMDAwMDAsImRlbGV0ZSI6MTIwMDAwMDAwMDAwMCwidXBkYXRlIjo2MDAwMDAwMDAwMDB9LCJzY2hlbWFfdmVyc2lvbiI6IjEifQ==",
          "dependencies": [
            "module.hashistack.aws_iam_instance_profile.drifter_instance_profile",
            "module.hashistack.aws_iam_role.drifter_instance_role",
            "module.hashistack.aws_security_group.drifter_primary",
            "module.hashistack.aws_security_group.drifter_server_lb",
            "module.hashistack.data.aws_iam_policy_document.drifter_instance_role",
            "module.hashistack.data.aws_vpc.default",
            "module.hashistack.data.template_file.user_data_server"
          ]
        }
      ]
    },
    {
      "module": "module.hashistack",
      "mode": "managed",
      "type": "aws_security_group",
      "name": "drifter",
      "provider": "provider[\"registry.terraform.io/hashicorp/aws\"]",
      "instances": [
        {
          "schema_version": 1,
          "attributes": {
            "arn": "arn:aws:ec2:us-east-1:267023797923:security-group/sg-0e87bdde1257fa076",
            "description": "EFS Access Security Group",
            "egress": [
              {
                "cidr_blocks": [
                  "0.0.0.0/0"
                ],
                "description": "",
                "from_port": 0,
                "ipv6_cidr_blocks": [],
                "prefix_list_ids": [],
                "protocol": "-1",
                "security_groups": [],
                "self": false,
                "to_port": 0
              }
            ],
            "id": "sg-0e87bdde1257fa076",
            "ingress": [
              {
                "cidr_blocks": [
                  "172.31.0.0/16"
                ],
                "description": "Ingress rule to allow traffic to EFS",
                "from_port": 2049,
                "ipv6_cidr_blocks": [],
                "prefix_list_ids": [],
                "protocol": "tcp",
                "security_groups": [],
                "self": false,
                "to_port": 2049
              }
            ],
            "name": "terraform-20201120212336155500000002",
            "name_prefix": "",
            "owner_id": "267023797923",
            "revoke_rules_on_delete": false,
            "tags": {
              "Name": "drifter-EFS"
            },
            "timeouts": null,
            "vpc_id": "vpc-271a045d"
          },
          "private": "eyJlMmJmYjczMC1lY2FhLTExZTYtOGY4OC0zNDM2M2JjN2M0YzAiOnsiY3JlYXRlIjo2MDAwMDAwMDAwMDAsImRlbGV0ZSI6NjAwMDAwMDAwMDAwfSwic2NoZW1hX3ZlcnNpb24iOiIxIn0=",
          "dependencies": [
            "module.hashistack.data.aws_vpc.default"
          ]
        }
      ]
    },
    {
      "module": "module.hashistack",
      "mode": "managed",
      "type": "aws_security_group",
      "name": "drifter_primary",
      "provider": "provider[\"registry.terraform.io/hashicorp/aws\"]",
      "instances": [
        {
          "schema_version": 1,
          "attributes": {
            "arn": "arn:aws:ec2:us-east-1:267023797923:security-group/sg-05c37835241f9ec18",
            "description": "Managed by Terraform",
            "egress": [
              {
                "cidr_blocks": [
                  "0.0.0.0/0"
                ],
                "description": "",
                "from_port": 0,
                "ipv6_cidr_blocks": [],
                "prefix_list_ids": [],
                "protocol": "-1",
                "security_groups": [],
                "self": false,
                "to_port": 0
              }
            ],
            "id": "sg-05c37835241f9ec18",
            "ingress": [
              {
                "cidr_blocks": [
                  "0.0.0.0/0"
                ],
                "description": "",
                "from_port": 18080,
                "ipv6_cidr_blocks": [],
                "prefix_list_ids": [],
                "protocol": "tcp",
                "security_groups": [],
                "self": false,
                "to_port": 18080
              },
              {
                "cidr_blocks": [
                  "0.0.0.0/0"
                ],
                "description": "",
                "from_port": 22,
                "ipv6_cidr_blocks": [],
                "prefix_list_ids": [],
                "protocol": "tcp",
                "security_groups": [],
                "self": false,
                "to_port": 22
              },
              {
                "cidr_blocks": [
                  "0.0.0.0/0"
                ],
                "description": "",
                "from_port": 4646,
                "ipv6_cidr_blocks": [],
                "prefix_list_ids": [],
                "protocol": "tcp",
                "security_groups": [
                  "sg-00d5bd9df4ab02516"
                ],
                "self": false,
                "to_port": 4646
              },
              {
                "cidr_blocks": [
                  "0.0.0.0/0"
                ],
                "description": "",
                "from_port": 50070,
                "ipv6_cidr_blocks": [],
                "prefix_list_ids": [],
                "protocol": "tcp",
                "security_groups": [],
                "self": false,
                "to_port": 50070
              },
              {
                "cidr_blocks": [
                  "0.0.0.0/0"
                ],
                "description": "",
                "from_port": 50075,
                "ipv6_cidr_blocks": [],
                "prefix_list_ids": [],
                "protocol": "tcp",
                "security_groups": [],
                "self": false,
                "to_port": 50075
              },
              {
                "cidr_blocks": [
                  "0.0.0.0/0"
                ],
                "description": "",
                "from_port": 8500,
                "ipv6_cidr_blocks": [],
                "prefix_list_ids": [],
                "protocol": "tcp",
                "security_groups": [
                  "sg-00d5bd9df4ab02516"
                ],
                "self": false,
                "to_port": 8500
              },
              {
                "cidr_blocks": [
                  "0.0.0.0/0"
                ],
                "description": "",
                "from_port": 8888,
                "ipv6_cidr_blocks": [],
                "prefix_list_ids": [],
                "protocol": "tcp",
                "security_groups": [],
                "self": false,
                "to_port": 8888
              },
              {
                "cidr_blocks": [
                  "0.0.0.0/0"
                ],
                "description": "",
                "from_port": 9998,
                "ipv6_cidr_blocks": [],
                "prefix_list_ids": [],
                "protocol": "tcp",
                "security_groups": [],
                "self": false,
                "to_port": 9999
              },
              {
                "cidr_blocks": [],
                "description": "",
                "from_port": 0,
                "ipv6_cidr_blocks": [],
                "prefix_list_ids": [],
                "protocol": "-1",
                "security_groups": [],
                "self": true,
                "to_port": 0
              }
            ],
            "name": "drifter",
            "name_prefix": "",
            "owner_id": "267023797923",
            "revoke_rules_on_delete": false,
            "tags": {},
            "timeouts": null,
            "vpc_id": "vpc-271a045d"
          },
          "private": "eyJlMmJmYjczMC1lY2FhLTExZTYtOGY4OC0zNDM2M2JjN2M0YzAiOnsiY3JlYXRlIjo2MDAwMDAwMDAwMDAsImRlbGV0ZSI6NjAwMDAwMDAwMDAwfSwic2NoZW1hX3ZlcnNpb24iOiIxIn0=",
          "dependencies": [
            "module.hashistack.aws_security_group.drifter_server_lb",
            "module.hashistack.data.aws_vpc.default"
          ]
        }
      ]
    },
    {
      "module": "module.hashistack",
      "mode": "managed",
      "type": "aws_security_group",
      "name": "drifter_server_lb",
      "provider": "provider[\"registry.terraform.io/hashicorp/aws\"]",
      "instances": [
        {
          "schema_version": 1,
          "attributes": {
            "arn": "arn:aws:ec2:us-east-1:267023797923:security-group/sg-00d5bd9df4ab02516",
            "description": "Managed by Terraform",
            "egress": [
              {
                "cidr_blocks": [
                  "0.0.0.0/0"
                ],
                "description": "",
                "from_port": 0,
                "ipv6_cidr_blocks": [],
                "prefix_list_ids": [],
                "protocol": "-1",
                "security_groups": [],
                "self": false,
                "to_port": 0
              }
            ],
            "id": "sg-00d5bd9df4ab02516",
            "ingress": [
              {
                "cidr_blocks": [
                  "0.0.0.0/0"
                ],
                "description": "",
                "from_port": 4646,
                "ipv6_cidr_blocks": [],
                "prefix_list_ids": [],
                "protocol": "tcp",
                "security_groups": [],
                "self": false,
                "to_port": 4646
              },
              {
                "cidr_blocks": [
                  "0.0.0.0/0"
                ],
                "description": "",
                "from_port": 8500,
                "ipv6_cidr_blocks": [],
                "prefix_list_ids": [],
                "protocol": "tcp",
                "security_groups": [],
                "self": false,
                "to_port": 8500
              }
            ],
            "name": "drifter-server-lb",
            "name_prefix": "",
            "owner_id": "267023797923",
            "revoke_rules_on_delete": false,
            "tags": {},
            "timeouts": null,
            "vpc_id": "vpc-271a045d"
          },
          "private": "eyJlMmJmYjczMC1lY2FhLTExZTYtOGY4OC0zNDM2M2JjN2M0YzAiOnsiY3JlYXRlIjo2MDAwMDAwMDAwMDAsImRlbGV0ZSI6NjAwMDAwMDAwMDAwfSwic2NoZW1hX3ZlcnNpb24iOiIxIn0=",
          "dependencies": [
            "module.hashistack.data.aws_vpc.default"
          ]
        }
      ]
    },
    {
      "module": "module.hashistack",
      "mode": "managed",
      "type": "aws_security_group_rule",
      "name": "drifter-egress",
      "provider": "provider[\"registry.terraform.io/hashicorp/aws\"]",
      "instances": [
        {
          "schema_version": 2,
          "attributes": {
            "cidr_blocks": [
              "0.0.0.0/0"
            ],
            "description": "",
            "from_port": 0,
            "id": "sgrule-406560414",
            "ipv6_cidr_blocks": [],
            "prefix_list_ids": [],
            "protocol": "-1",
            "security_group_id": "sg-0e87bdde1257fa076",
            "self": false,
            "source_security_group_id": null,
            "to_port": 0,
            "type": "egress"
          },
          "private": "eyJzY2hlbWFfdmVyc2lvbiI6IjIifQ==",
          "dependencies": [
            "module.hashistack.aws_security_group.drifter",
            "module.hashistack.data.aws_vpc.default"
          ]
        }
      ]
    },
    {
      "module": "module.hashistack",
      "mode": "managed",
      "type": "aws_security_group_rule",
      "name": "drifter-ingress",
      "provider": "provider[\"registry.terraform.io/hashicorp/aws\"]",
      "instances": [
        {
          "schema_version": 2,
          "attributes": {
            "cidr_blocks": [
              "172.31.0.0/16"
            ],
            "description": "Ingress rule to allow traffic to EFS",
            "from_port": 2049,
            "id": "sgrule-3261642828",
            "ipv6_cidr_blocks": [],
            "prefix_list_ids": [],
            "protocol": "tcp",
            "security_group_id": "sg-0e87bdde1257fa076",
            "self": false,
            "source_security_group_id": null,
            "to_port": 2049,
            "type": "ingress"
          },
          "private": "eyJzY2hlbWFfdmVyc2lvbiI6IjIifQ==",
          "dependencies": [
            "module.hashistack.aws_security_group.drifter",
            "module.hashistack.data.aws_vpc.default"
          ]
        }
      ]
    },
    {
      "module": "module.hashistack",
      "mode": "managed",
      "type": "nomad_job",
      "name": "efs_plugin",
      "provider": "provider[\"registry.terraform.io/hashicorp/nomad\"]",
      "instances": [
        {
          "schema_version": 0,
          "attributes": {
            "allocation_ids": [
              "0e813d81-6f1c-8475-ac02-bee47508c1f3",
              "690538d5-e10c-3145-67bb-026bf464d3f4",
              "8bfb6f3e-c09c-12ec-97c2-2e87f34a5624",
              "cb01af3e-f415-8125-07a7-e6ea4d120cf8"
            ],
            "datacenters": [
              "dc1"
            ],
            "deployment_id": null,
            "deployment_status": null,
            "deregister_on_destroy": true,
            "deregister_on_id_change": true,
            "detach": true,
            "id": "plugin-efs",
            "jobspec": "job \"plugin-efs\" {\n  datacenters = [\"dc1\"]\n\n  # you can run node plugins as service jobs as well, but running\n  # as a system job ensures all nodes in the DC have a copy.\n  type = \"system\"\n\n  # only one plugin of a given type and ID should be deployed on\n  # any given client node\n  constraint {\n    operator = \"distinct_hosts\"\n    value = true\n  }\n\n  group \"nodes\" {\n    task \"plugin\" {\n      driver = \"docker\"\n\n      config {\n        image = \"amazon/aws-efs-csi-driver:latest\"\n\n        args = [\n          \"node\",\n          \"--endpoint=unix://tmp/csi.sock\",\n          \"--logtostderr\",\n          \"--v=5\",\n        ]\n\n        # all CSI node plugins will need to run as privileged tasks\n        # so they can mount volumes to the host. controller plugins\n        # do not need to be privileged.\n        privileged = true\n      }\n\n      csi_plugin {\n        id        = \"aws-efs0\"\n        type      = \"node\"\n        mount_dir = \"/tmp\"  # this path /tmp matches the --endpoint\n                            # argument for the container\n      }\n    }\n  }\n}\n",
            "json": null,
            "modify_index": "24",
            "name": "plugin-efs",
            "namespace": "default",
            "policy_override": null,
            "purge_on_destroy": true,
            "region": "global",
            "task_groups": [
              {
                "count": 1,
                "meta": {},
                "name": "nodes",
                "task": [
                  {
                    "driver": "docker",
                    "meta": {},
                    "name": "plugin",
                    "volume_mounts": []
                  }
                ],
                "volumes": []
              }
            ],
            "type": "system"
          },
          "private": "bnVsbA==",
          "dependencies": [
            "module.hashistack.aws_elb.drifter_server_lb",
            "module.hashistack.aws_iam_instance_profile.drifter_instance_profile",
            "module.hashistack.aws_iam_role.drifter_instance_role",
            "module.hashistack.aws_instance.drifter-server",
            "module.hashistack.aws_security_group.drifter_primary",
            "module.hashistack.aws_security_group.drifter_server_lb",
            "module.hashistack.data.aws_iam_policy_document.drifter_instance_role",
            "module.hashistack.data.aws_vpc.default",
            "module.hashistack.data.template_file.user_data_server",
            "module.hashistack.time_sleep.wait_30_seconds"
          ]
        }
      ]
    },
    {
      "module": "module.hashistack",
      "mode": "managed",
      "type": "nomad_job",
      "name": "mysql",
      "provider": "provider[\"registry.terraform.io/hashicorp/nomad\"]",
      "instances": [
        {
          "schema_version": 0,
          "attributes": {
            "allocation_ids": [],
            "datacenters": [
              "dc1"
            ],
            "deployment_id": null,
            "deployment_status": null,
            "deregister_on_destroy": true,
            "deregister_on_id_change": true,
            "detach": true,
            "id": "drifter-mysql-server",
            "jobspec": "job \"drifter-mysql-server\" {\n  datacenters = [\"dc1\"]\n  type        = \"service\"\n\n  group \"drifter-mysql-server\" {\n    count = 1\n\n    volume \"drifter\" {\n      type      = \"csi\"\n      read_only = false\n      source    = \"drifter\"\n    }\n\n    restart {\n      attempts = 10\n      interval = \"5m\"\n      delay    = \"25s\"\n      mode     = \"delay\"\n    }\n\n    task \"mysql-server\" {\n      driver = \"docker\"\n\n      volume_mount {\n        volume      = \"drifter\"\n        destination = \"/srv\"\n        read_only   = false\n      }\n\n      env = {\n        \"MYSQL_ROOT_PASSWORD\" = \"password\"\n      }\n\n      config {\n        image = \"hashicorp/mysql-portworx-demo:latest\"\n        args = [\"--datadir\", \"/srv/drifter\"]\n\n        port_map {\n          db = 3306\n        }\n      }\n\n      resources {\n        cpu    = 500\n        memory = 1024\n\n        network {\n          port \"db\" {\n            static = 3306\n          }\n        }\n      }\n\n      service {\n        name = \"mysql-server\"\n        port = \"db\"\n\n        check {\n          type     = \"tcp\"\n          interval = \"10s\"\n          timeout  = \"2s\"\n        }\n      }\n    }\n  }\n}\n",
            "json": null,
            "modify_index": "23",
            "name": "drifter-mysql-server",
            "namespace": "default",
            "policy_override": null,
            "purge_on_destroy": true,
            "region": "global",
            "task_groups": [
              {
                "count": 1,
                "meta": {},
                "name": "drifter-mysql-server",
                "task": [
                  {
                    "driver": "docker",
                    "meta": {},
                    "name": "mysql-server",
                    "volume_mounts": [
                      {
                        "destination": "/srv",
                        "read_only": false,
                        "volume": "drifter"
                      }
                    ]
                  }
                ],
                "volumes": [
                  {
                    "name": "drifter",
                    "read_only": false,
                    "source": "drifter",
                    "type": "csi"
                  }
                ]
              }
            ],
            "type": "service"
          },
          "private": "bnVsbA==",
          "dependencies": [
            "module.hashistack.aws_elb.drifter_server_lb",
            "module.hashistack.aws_iam_instance_profile.drifter_instance_profile",
            "module.hashistack.aws_iam_role.drifter_instance_role",
            "module.hashistack.aws_instance.drifter-server",
            "module.hashistack.aws_security_group.drifter_primary",
            "module.hashistack.aws_security_group.drifter_server_lb",
            "module.hashistack.data.aws_iam_policy_document.drifter_instance_role",
            "module.hashistack.data.aws_vpc.default",
            "module.hashistack.data.template_file.user_data_server",
            "module.hashistack.time_sleep.wait_30_seconds"
          ]
        }
      ]
    },
    {
      "module": "module.hashistack",
      "mode": "managed",
      "type": "nomad_volume",
      "name": "efs",
      "provider": "provider[\"registry.terraform.io/hashicorp/nomad\"]",
      "instances": [
        {
          "schema_version": 0,
          "attributes": {
            "access_mode": "multi-node-multi-writer",
            "attachment_mode": "file-system",
            "context": null,
            "controller_required": false,
            "controllers_expected": 0,
            "controllers_healthy": 0,
            "deregister_on_destroy": true,
            "external_id": "fs-1112a2e4",
            "id": "drifter",
            "mount_options": null,
            "name": "drifter",
            "namespace": "default",
            "nodes_expected": 4,
            "nodes_healthy": 4,
            "parameters": null,
            "plugin_id": "aws-efs0",
            "plugin_provider": "efs.csi.aws.com",
            "plugin_provider_version": "v0.4.0-dirty",
            "schedulable": true,
            "secrets": null,
            "type": "csi",
            "volume_id": "drifter"
          },
          "private": "bnVsbA==",
          "dependencies": [
            "module.hashistack.aws_efs_file_system.drifter",
            "module.hashistack.aws_elb.drifter_server_lb",
            "module.hashistack.data.nomad_plugin.drifter_efs"
          ]
        }
      ]
    },
    {
      "module": "module.hashistack",
      "mode": "managed",
      "type": "time_sleep",
      "name": "wait_30_seconds",
      "provider": "provider[\"registry.terraform.io/hashicorp/time\"]",
      "instances": [
        {
          "schema_version": 0,
          "attributes": {
            "create_duration": "5m",
            "destroy_duration": null,
            "id": "2020-11-20T21:30:22Z",
            "triggers": null
          },
          "private": "bnVsbA==",
          "dependencies": [
            "module.hashistack.aws_elb.drifter_server_lb",
            "module.hashistack.aws_iam_instance_profile.drifter_instance_profile",
            "module.hashistack.aws_iam_role.drifter_instance_role",
            "module.hashistack.aws_instance.drifter-server",
            "module.hashistack.aws_security_group.drifter_primary",
            "module.hashistack.aws_security_group.drifter_server_lb",
            "module.hashistack.data.aws_iam_policy_document.drifter_instance_role",
            "module.hashistack.data.aws_vpc.default",
            "module.hashistack.data.template_file.user_data_server"
          ]
        }
      ]
    }
  ]
}
