{
  "version": 4,
  "terraform_version": "1.2.6",
  "serial": 26,
  "lineage": "523b7c0a-dfd2-4fb7-040c-ed66084923f2",
  "outputs": {},
  "resources": [
    {
      "module": "module.hashistack",
      "mode": "data",
      "type": "aws_iam_policy_document",
      "name": "auto_discover_cluster",
      "provider": "provider[\"registry.terraform.io/hashicorp/aws\"]",
      "instances": [
        {
          "schema_version": 0,
          "attributes": {
            "id": "2069168386",
            "json": "{\n  \"Version\": \"2012-10-17\",\n  \"Statement\": [\n    {\n      \"Sid\": \"\",\n      \"Effect\": \"Allow\",\n      \"Action\": [\n        \"ec2:DescribeTags\",\n        \"ec2:DescribeInstances\",\n        \"autoscaling:DescribeAutoScalingGroups\"\n      ],\n      \"Resource\": \"*\"\n    }\n  ]\n}",
            "override_json": null,
            "override_policy_documents": null,
            "policy_id": null,
            "source_json": null,
            "source_policy_documents": null,
            "statement": [
              {
                "actions": [
                  "autoscaling:DescribeAutoScalingGroups",
                  "ec2:DescribeInstances",
                  "ec2:DescribeTags"
                ],
                "condition": [],
                "effect": "Allow",
                "not_actions": [],
                "not_principals": [],
                "not_resources": [],
                "principals": [],
                "resources": [
                  "*"
                ],
                "sid": ""
              }
            ],
            "version": "2012-10-17"
          },
          "sensitive_attributes": []
        }
      ]
    },
    {
      "module": "module.hashistack",
      "mode": "data",
      "type": "aws_iam_policy_document",
      "name": "instance_role",
      "provider": "provider[\"registry.terraform.io/hashicorp/aws\"]",
      "instances": [
        {
          "schema_version": 0,
          "attributes": {
            "id": "1903849331",
            "json": "{\n  \"Version\": \"2012-10-17\",\n  \"Statement\": [\n    {\n      \"Sid\": \"\",\n      \"Effect\": \"Allow\",\n      \"Action\": \"sts:AssumeRole\",\n      \"Principal\": {\n        \"Service\": \"ec2.amazonaws.com\"\n      }\n    }\n  ]\n}",
            "override_json": null,
            "override_policy_documents": null,
            "policy_id": null,
            "source_json": null,
            "source_policy_documents": null,
            "statement": [
              {
                "actions": [
                  "sts:AssumeRole"
                ],
                "condition": [],
                "effect": "Allow",
                "not_actions": [],
                "not_principals": [],
                "not_resources": [],
                "principals": [
                  {
                    "identifiers": [
                      "ec2.amazonaws.com"
                    ],
                    "type": "Service"
                  }
                ],
                "resources": [],
                "sid": ""
              }
            ],
            "version": "2012-10-17"
          },
          "sensitive_attributes": []
        }
      ]
    },
    {
      "module": "module.hashistack",
      "mode": "data",
      "type": "aws_iam_policy_document",
      "name": "mount_ebs_volumes",
      "provider": "provider[\"registry.terraform.io/hashicorp/aws\"]",
      "instances": [
        {
          "schema_version": 0,
          "attributes": {
            "id": "4027803799",
            "json": "{\n  \"Version\": \"2012-10-17\",\n  \"Statement\": [\n    {\n      \"Sid\": \"\",\n      \"Effect\": \"Allow\",\n      \"Action\": [\n        \"ec2:DetachVolume\",\n        \"ec2:DescribeVolumes\",\n        \"ec2:DescribeTags\",\n        \"ec2:DescribeInstances\",\n        \"ec2:AttachVolume\"\n      ],\n      \"Resource\": \"*\"\n    }\n  ]\n}",
            "override_json": null,
            "override_policy_documents": null,
            "policy_id": null,
            "source_json": null,
            "source_policy_documents": null,
            "statement": [
              {
                "actions": [
                  "ec2:AttachVolume",
                  "ec2:DescribeInstances",
                  "ec2:DescribeTags",
                  "ec2:DescribeVolumes",
                  "ec2:DetachVolume"
                ],
                "condition": [],
                "effect": "Allow",
                "not_actions": [],
                "not_principals": [],
                "not_resources": [],
                "principals": [],
                "resources": [
                  "*"
                ],
                "sid": ""
              }
            ],
            "version": "2012-10-17"
          },
          "sensitive_attributes": []
        }
      ]
    },
    {
      "module": "module.hashistack",
      "mode": "data",
      "type": "aws_vpc",
      "name": "default",
      "provider": "provider[\"registry.terraform.io/hashicorp/aws\"]",
      "instances": [
        {
          "schema_version": 0,
          "attributes": {
            "arn": "arn:aws:ec2:us-east-1:267023797923:vpc/vpc-271a045d",
            "cidr_block": "172.31.0.0/16",
            "cidr_block_associations": [
              {
                "association_id": "vpc-cidr-assoc-e4e70c8b",
                "cidr_block": "172.31.0.0/16",
                "state": "associated"
              }
            ],
            "default": true,
            "dhcp_options_id": "dopt-27c3785d",
            "enable_dns_hostnames": true,
            "enable_dns_support": true,
            "filter": null,
            "id": "vpc-271a045d",
            "instance_tenancy": "default",
            "ipv6_association_id": "",
            "ipv6_cidr_block": "",
            "main_route_table_id": "rtb-d36500ad",
            "owner_id": "267023797923",
            "state": null,
            "tags": {
              "Name": "aji_hcp_consul_vault"
            }
          },
          "sensitive_attributes": []
        }
      ]
    },
    {
      "module": "module.hashistack",
      "mode": "data",
      "type": "nomad_plugin",
      "name": "ebs",
      "provider": "provider[\"registry.terraform.io/hashicorp/nomad\"]",
      "instances": [
        {
          "schema_version": 0,
          "attributes": {
            "controller_required": null,
            "controllers_expected": null,
            "controllers_healthy": null,
            "id": null,
            "nodes": null,
            "nodes_expected": null,
            "nodes_healthy": null,
            "plugin_id": null,
            "plugin_provider": null,
            "plugin_provider_version": null,
            "wait_for_healthy": null,
            "wait_for_registration": null
          },
          "sensitive_attributes": []
        }
      ]
    },
    {
      "module": "module.hashistack",
      "mode": "data",
      "type": "nomad_plugin",
      "name": "efs",
      "provider": "provider[\"registry.terraform.io/hashicorp/nomad\"]",
      "instances": [
        {
          "schema_version": 0,
          "attributes": {
            "controller_required": null,
            "controllers_expected": null,
            "controllers_healthy": null,
            "id": null,
            "nodes": null,
            "nodes_expected": null,
            "nodes_healthy": null,
            "plugin_id": null,
            "plugin_provider": null,
            "plugin_provider_version": null,
            "wait_for_healthy": null,
            "wait_for_registration": null
          },
          "sensitive_attributes": []
        }
      ]
    },
    {
      "module": "module.hashistack",
      "mode": "data",
      "type": "template_file",
      "name": "user_data_client",
      "provider": "provider[\"registry.terraform.io/hashicorp/template\"]",
      "instances": [
        {
          "schema_version": 0,
          "attributes": {
            "filename": null,
            "id": "2e0bb85a8ae1f05ffef56a236dc1db59fac04d645a4099d9492cd5125effe1d1",
            "rendered": "#!/bin/bash\n\nset -e\n\nexec \u003e \u003e(sudo tee /var/log/user-data.log|logger -t user-data -s 2\u003e/dev/console) 2\u003e\u00261\nsudo bash /ops/shared/scripts/client.sh \"aws\" \"provider=aws  tag_key=ConsulAutoJoin  tag_value=auto-join \" \"https://releases.hashicorp.com/nomad/1.3.5/nomad_1.3.5_linux_amd64.zip\"\n",
            "template": "#!/bin/bash\n\nset -e\n\nexec \u003e \u003e(sudo tee /var/log/user-data.log|logger -t user-data -s 2\u003e/dev/console) 2\u003e\u00261\nsudo bash /ops/shared/scripts/client.sh \"aws\" \"${retry_join}\" \"${nomad_binary}\"\n",
            "vars": {
              "nomad_binary": "https://releases.hashicorp.com/nomad/1.3.5/nomad_1.3.5_linux_amd64.zip",
              "region": "us-east-1",
              "retry_join": "provider=aws  tag_key=ConsulAutoJoin  tag_value=auto-join "
            }
          },
          "sensitive_attributes": []
        }
      ]
    },
    {
      "module": "module.hashistack",
      "mode": "data",
      "type": "template_file",
      "name": "user_data_server",
      "provider": "provider[\"registry.terraform.io/hashicorp/template\"]",
      "instances": [
        {
          "schema_version": 0,
          "attributes": {
            "filename": null,
            "id": "0ff0ba2be76c27aee3157e80a98f7aabf6feb5c8b07bf67521ea49d30e2e3df8",
            "rendered": "#!/bin/bash\n\nset -e\n\nexec \u003e \u003e(sudo tee /var/log/user-data.log|logger -t user-data -s 2\u003e/dev/console) 2\u003e\u00261\nsudo bash /ops/shared/scripts/server.sh \"aws\" \"1\" \"provider=aws tag_key=ConsulAutoJoin tag_value=auto-join\" \"https://releases.hashicorp.com/nomad/1.3.5/nomad_1.3.5_linux_amd64.zip\"\n",
            "template": "#!/bin/bash\n\nset -e\n\nexec \u003e \u003e(sudo tee /var/log/user-data.log|logger -t user-data -s 2\u003e/dev/console) 2\u003e\u00261\nsudo bash /ops/shared/scripts/server.sh \"aws\" \"${server_count}\" \"${retry_join}\" \"${nomad_binary}\"\n",
            "vars": {
              "nomad_binary": "https://releases.hashicorp.com/nomad/1.3.5/nomad_1.3.5_linux_amd64.zip",
              "region": "us-east-1",
              "retry_join": "provider=aws tag_key=ConsulAutoJoin tag_value=auto-join",
              "server_count": "1"
            }
          },
          "sensitive_attributes": []
        }
      ]
    },
    {
      "module": "module.hashistack",
      "mode": "managed",
      "type": "aws_ebs_volume",
      "name": "aws-ebs0",
      "provider": "provider[\"registry.terraform.io/hashicorp/aws\"]",
      "instances": []
    },
    {
      "module": "module.hashistack",
      "mode": "managed",
      "type": "aws_efs_mount_target",
      "name": "drifter1",
      "provider": "provider[\"registry.terraform.io/hashicorp/aws\"]",
      "instances": []
    },
    {
      "module": "module.hashistack",
      "mode": "managed",
      "type": "aws_efs_mount_target",
      "name": "drifter2",
      "provider": "provider[\"registry.terraform.io/hashicorp/aws\"]",
      "instances": []
    },
    {
      "module": "module.hashistack",
      "mode": "managed",
      "type": "aws_elb",
      "name": "server_lb",
      "provider": "provider[\"registry.terraform.io/hashicorp/aws\"]",
      "instances": []
    },
    {
      "module": "module.hashistack",
      "mode": "managed",
      "type": "aws_iam_instance_profile",
      "name": "instance_profile",
      "provider": "provider[\"registry.terraform.io/hashicorp/aws\"]",
      "instances": [
        {
          "schema_version": 0,
          "attributes": {
            "arn": "arn:aws:iam::267023797923:instance-profile/drifter20220911032711352600000003",
            "create_date": "2022-09-11T03:27:11Z",
            "id": "drifter20220911032711352600000003",
            "name": "drifter20220911032711352600000003",
            "name_prefix": "drifter",
            "path": "/",
            "role": "drifter20220911032710143700000001",
            "tags": {},
            "tags_all": {},
            "unique_id": "AIPAT4K63Z2R3OZV7EBIN"
          },
          "sensitive_attributes": [],
          "private": "bnVsbA==",
          "dependencies": [
            "module.hashistack.aws_iam_role.instance_role",
            "module.hashistack.data.aws_iam_policy_document.instance_role"
          ]
        }
      ]
    },
    {
      "module": "module.hashistack",
      "mode": "managed",
      "type": "aws_iam_role",
      "name": "instance_role",
      "provider": "provider[\"registry.terraform.io/hashicorp/aws\"]",
      "instances": [
        {
          "schema_version": 0,
          "attributes": {
            "arn": "arn:aws:iam::267023797923:role/drifter20220911032710143700000001",
            "assume_role_policy": "{\"Version\":\"2012-10-17\",\"Statement\":[{\"Sid\":\"\",\"Effect\":\"Allow\",\"Principal\":{\"Service\":\"ec2.amazonaws.com\"},\"Action\":\"sts:AssumeRole\"}]}",
            "create_date": "2022-09-11T03:27:10Z",
            "description": "",
            "force_detach_policies": false,
            "id": "drifter20220911032710143700000001",
            "inline_policy": [
              {
                "name": "auto-discover-cluster",
                "policy": "{\n  \"Version\": \"2012-10-17\",\n  \"Statement\": [\n    {\n      \"Sid\": \"\",\n      \"Effect\": \"Allow\",\n      \"Action\": [\n        \"ec2:DescribeTags\",\n        \"ec2:DescribeInstances\",\n        \"autoscaling:DescribeAutoScalingGroups\"\n      ],\n      \"Resource\": \"*\"\n    }\n  ]\n}"
              },
              {
                "name": "mount-ebs-volumes",
                "policy": "{\n  \"Version\": \"2012-10-17\",\n  \"Statement\": [\n    {\n      \"Sid\": \"\",\n      \"Effect\": \"Allow\",\n      \"Action\": [\n        \"ec2:DetachVolume\",\n        \"ec2:DescribeVolumes\",\n        \"ec2:DescribeTags\",\n        \"ec2:DescribeInstances\",\n        \"ec2:AttachVolume\"\n      ],\n      \"Resource\": \"*\"\n    }\n  ]\n}"
              }
            ],
            "managed_policy_arns": [],
            "max_session_duration": 3600,
            "name": "drifter20220911032710143700000001",
            "name_prefix": "drifter",
            "path": "/",
            "permissions_boundary": null,
            "tags": {},
            "tags_all": {},
            "unique_id": "AROAT4K63Z2R2HA3WVE6X"
          },
          "sensitive_attributes": [],
          "private": "bnVsbA==",
          "dependencies": [
            "module.hashistack.data.aws_iam_policy_document.instance_role"
          ]
        }
      ]
    },
    {
      "module": "module.hashistack",
      "mode": "managed",
      "type": "aws_iam_role_policy",
      "name": "auto_discover_cluster",
      "provider": "provider[\"registry.terraform.io/hashicorp/aws\"]",
      "instances": [
        {
          "schema_version": 0,
          "attributes": {
            "id": "drifter20220911032710143700000001:auto-discover-cluster",
            "name": "auto-discover-cluster",
            "name_prefix": null,
            "policy": "{\n  \"Version\": \"2012-10-17\",\n  \"Statement\": [\n    {\n      \"Sid\": \"\",\n      \"Effect\": \"Allow\",\n      \"Action\": [\n        \"ec2:DescribeTags\",\n        \"ec2:DescribeInstances\",\n        \"autoscaling:DescribeAutoScalingGroups\"\n      ],\n      \"Resource\": \"*\"\n    }\n  ]\n}",
            "role": "drifter20220911032710143700000001"
          },
          "sensitive_attributes": [],
          "private": "bnVsbA==",
          "dependencies": [
            "module.hashistack.aws_iam_role.instance_role",
            "module.hashistack.data.aws_iam_policy_document.auto_discover_cluster",
            "module.hashistack.data.aws_iam_policy_document.instance_role"
          ]
        }
      ]
    },
    {
      "module": "module.hashistack",
      "mode": "managed",
      "type": "aws_iam_role_policy",
      "name": "mount_ebs_volumes",
      "provider": "provider[\"registry.terraform.io/hashicorp/aws\"]",
      "instances": [
        {
          "schema_version": 0,
          "attributes": {
            "id": "drifter20220911032710143700000001:mount-ebs-volumes",
            "name": "mount-ebs-volumes",
            "name_prefix": null,
            "policy": "{\n  \"Version\": \"2012-10-17\",\n  \"Statement\": [\n    {\n      \"Sid\": \"\",\n      \"Effect\": \"Allow\",\n      \"Action\": [\n        \"ec2:DetachVolume\",\n        \"ec2:DescribeVolumes\",\n        \"ec2:DescribeTags\",\n        \"ec2:DescribeInstances\",\n        \"ec2:AttachVolume\"\n      ],\n      \"Resource\": \"*\"\n    }\n  ]\n}",
            "role": "drifter20220911032710143700000001"
          },
          "sensitive_attributes": [],
          "private": "bnVsbA==",
          "dependencies": [
            "module.hashistack.aws_iam_role.instance_role",
            "module.hashistack.data.aws_iam_policy_document.instance_role",
            "module.hashistack.data.aws_iam_policy_document.mount_ebs_volumes"
          ]
        }
      ]
    },
    {
      "module": "module.hashistack",
      "mode": "managed",
      "type": "aws_instance",
      "name": "client",
      "provider": "provider[\"registry.terraform.io/hashicorp/aws\"]",
      "instances": []
    },
    {
      "module": "module.hashistack",
      "mode": "managed",
      "type": "aws_instance",
      "name": "server",
      "provider": "provider[\"registry.terraform.io/hashicorp/aws\"]",
      "instances": []
    },
    {
      "module": "module.hashistack",
      "mode": "managed",
      "type": "aws_security_group",
      "name": "drifter",
      "provider": "provider[\"registry.terraform.io/hashicorp/aws\"]",
      "instances": [
        {
          "schema_version": 1,
          "attributes": {
            "arn": "arn:aws:ec2:us-east-1:267023797923:security-group/sg-0158a3707b732f704",
            "description": "EFS Access Security Group",
            "egress": [
              {
                "cidr_blocks": [
                  "0.0.0.0/0"
                ],
                "description": "",
                "from_port": 0,
                "ipv6_cidr_blocks": [],
                "prefix_list_ids": [],
                "protocol": "-1",
                "security_groups": [],
                "self": false,
                "to_port": 0
              }
            ],
            "id": "sg-0158a3707b732f704",
            "ingress": [
              {
                "cidr_blocks": [
                  "172.31.0.0/16"
                ],
                "description": "Ingress rule to allow traffic to EFS",
                "from_port": 2049,
                "ipv6_cidr_blocks": [],
                "prefix_list_ids": [],
                "protocol": "tcp",
                "security_groups": [],
                "self": false,
                "to_port": 2049
              }
            ],
            "name": "terraform-20220911032710143900000002",
            "name_prefix": "terraform-",
            "owner_id": "267023797923",
            "revoke_rules_on_delete": false,
            "tags": {
              "Name": "drifter-EFS"
            },
            "tags_all": {
              "Name": "drifter-EFS"
            },
            "timeouts": null,
            "vpc_id": "vpc-271a045d"
          },
          "sensitive_attributes": [],
          "private": "eyJlMmJmYjczMC1lY2FhLTExZTYtOGY4OC0zNDM2M2JjN2M0YzAiOnsiY3JlYXRlIjo2MDAwMDAwMDAwMDAsImRlbGV0ZSI6OTAwMDAwMDAwMDAwfSwic2NoZW1hX3ZlcnNpb24iOiIxIn0=",
          "dependencies": [
            "module.hashistack.data.aws_vpc.default"
          ]
        }
      ]
    },
    {
      "module": "module.hashistack",
      "mode": "managed",
      "type": "aws_security_group",
      "name": "primary",
      "provider": "provider[\"registry.terraform.io/hashicorp/aws\"]",
      "instances": []
    },
    {
      "module": "module.hashistack",
      "mode": "managed",
      "type": "aws_security_group_rule",
      "name": "drifter-egress",
      "provider": "provider[\"registry.terraform.io/hashicorp/aws\"]",
      "instances": [
        {
          "schema_version": 2,
          "attributes": {
            "cidr_blocks": [
              "0.0.0.0/0"
            ],
            "description": "",
            "from_port": 0,
            "id": "sgrule-999778972",
            "ipv6_cidr_blocks": [],
            "prefix_list_ids": [],
            "protocol": "-1",
            "security_group_id": "sg-0158a3707b732f704",
            "self": false,
            "source_security_group_id": null,
            "to_port": 0,
            "type": "egress"
          },
          "sensitive_attributes": [],
          "private": "eyJzY2hlbWFfdmVyc2lvbiI6IjIifQ==",
          "dependencies": [
            "module.hashistack.aws_security_group.drifter",
            "module.hashistack.data.aws_vpc.default"
          ]
        }
      ]
    },
    {
      "module": "module.hashistack",
      "mode": "managed",
      "type": "aws_security_group_rule",
      "name": "drifter-ingress",
      "provider": "provider[\"registry.terraform.io/hashicorp/aws\"]",
      "instances": [
        {
          "schema_version": 2,
          "attributes": {
            "cidr_blocks": [
              "172.31.0.0/16"
            ],
            "description": "Ingress rule to allow traffic to EFS",
            "from_port": 2049,
            "id": "sgrule-3979998071",
            "ipv6_cidr_blocks": [],
            "prefix_list_ids": [],
            "protocol": "tcp",
            "security_group_id": "sg-0158a3707b732f704",
            "self": false,
            "source_security_group_id": null,
            "to_port": 2049,
            "type": "ingress"
          },
          "sensitive_attributes": [],
          "private": "eyJzY2hlbWFfdmVyc2lvbiI6IjIifQ==",
          "dependencies": [
            "module.hashistack.aws_security_group.drifter",
            "module.hashistack.data.aws_vpc.default"
          ]
        }
      ]
    },
    {
      "module": "module.hashistack",
      "mode": "managed",
      "type": "time_sleep",
      "name": "wait_2_min",
      "provider": "provider[\"registry.terraform.io/hashicorp/time\"]",
      "instances": []
    },
    {
      "module": "module.my_ip_address",
      "mode": "managed",
      "type": "null_resource",
      "name": "contents",
      "provider": "provider[\"registry.terraform.io/hashicorp/null\"]",
      "instances": [
        {
          "schema_version": 0,
          "attributes": {
            "id": "4540744637201940431",
            "triggers": {
              "exitstatus": "0",
              "id": "2663426347341828314",
              "stderr": "  % Total    % Received % Xferd  Average Speed   Time    Time     Time  Current\n                                 Dload  Upload   Total   Spent    Left  Speed\n\r  0     0    0     0    0     0      0      0 --:--:-- --:--:-- --:--:--     0\r100    13  100    13    0     0     70      0 --:--:-- --:--:-- --:--:--    73",
              "stdout": "72.207.74.177"
            }
          },
          "sensitive_attributes": [],
          "private": "bnVsbA==",
          "dependencies": [
            "module.my_ip_address.null_resource.contents_if_missing",
            "module.my_ip_address.null_resource.shell",
            "module.my_ip_address.random_uuid.uuid"
          ]
        }
      ]
    },
    {
      "module": "module.my_ip_address",
      "mode": "managed",
      "type": "null_resource",
      "name": "contents_if_missing",
      "provider": "provider[\"registry.terraform.io/hashicorp/null\"]",
      "instances": [
        {
          "schema_version": 0,
          "attributes": {
            "id": "8362758033540989159",
            "triggers": {
              "exitstatus": "0",
              "stderr": "72.207.74.177",
              "stdout": "72.207.74.177"
            }
          },
          "sensitive_attributes": [],
          "private": "bnVsbA==",
          "dependencies": [
            "module.my_ip_address.null_resource.shell",
            "module.my_ip_address.random_uuid.uuid"
          ]
        }
      ]
    },
    {
      "module": "module.my_ip_address",
      "mode": "managed",
      "type": "null_resource",
      "name": "shell",
      "provider": "provider[\"registry.terraform.io/hashicorp/null\"]",
      "instances": [
        {
          "schema_version": 0,
          "attributes": {
            "id": "2663426347341828314",
            "triggers": {
              "command_unix": "curl https://ipinfo.io/ip",
              "command_when_destroy_unix": ":",
              "command_when_destroy_windows": "% ':'",
              "command_windows": "curl https://ipinfo.io/ip",
              "environment_keys": "",
              "environment_values": "",
              "fail_on_error": "false",
              "random_uuid": "28516ac5-5cf9-3312-649c-728da6bb9e92",
              "sensitive_environment_keys": "",
              "sensitive_environment_values": "e3b0c44298fc1c149afbf4c8996fb92427ae41e4649b934ca495991b7852b855",
              "trigger": "",
              "working_dir": ""
            }
          },
          "sensitive_attributes": [],
          "private": "bnVsbA==",
          "dependencies": [
            "module.my_ip_address.random_uuid.uuid"
          ]
        }
      ]
    },
    {
      "module": "module.my_ip_address",
      "mode": "managed",
      "type": "random_uuid",
      "name": "uuid",
      "provider": "provider[\"registry.terraform.io/hashicorp/random\"]",
      "instances": [
        {
          "schema_version": 0,
          "attributes": {
            "id": "28516ac5-5cf9-3312-649c-728da6bb9e92",
            "keepers": null,
            "result": "28516ac5-5cf9-3312-649c-728da6bb9e92"
          },
          "sensitive_attributes": [],
          "private": "bnVsbA=="
        }
      ]
    }
  ]
}
