{
  "version": 4,
  "terraform_version": "1.2.6",
  "serial": 146,
  "lineage": "50067de1-56e4-ad4a-3ae5-8b75e94a7cd1",
  "outputs": {
    "IP_Addresses": {
      "value": "\nClient public IPs: 34.234.87.162, 18.232.139.131\n\nServer public IPs: 34.227.205.229\n\nTo connect, add your private key and SSH into any client or server with\n`ssh ubuntu@PUBLIC_IP`. You can test the integrity of the cluster by running:\n\n  $ consul members\n  $ nomad server members\n  $ nomad node status\n\nIf you see an error message like the following when running any of the above\ncommands, it usually indicates that the configuration script has not finished\nexecuting:\n\n\"Error querying servers: Get http://127.0.0.1:4646/v1/agent/members: dial tcp\n127.0.0.1:4646: getsockopt: connection refused\"\n\nSimply wait a few seconds and rerun the command if this occurs.\n\nThe Nomad UI can be accessed at http://drifter-server-lb-476273150.us-east-1.elb.amazonaws.com:4646/ui.\nThe Consul UI can be accessed at http://drifter-server-lb-476273150.us-east-1.elb.amazonaws.com:8500/ui.\n\nSet the following for access from the Nomad CLI:\n\n  export NOMAD_ADDR=http://drifter-server-lb-476273150.us-east-1.elb.amazonaws.com:4646\n\n",
      "type": "string"
    },
    "aws_efs_file_system": {
      "value": "# volume registration\ntype = \"csi\"\nid = \"aws-efs0\"\nname = \"aws-efs0\"\nexternal_id = \"fs-0e20790725069a11d\"\naccess_mode = \"multi-node-multi-writer\"\nattachment_mode = \"file-system\"\nplugin_id = \"aws-efs0\"\n",
      "type": "string"
    }
  },
  "resources": [
    {
      "module": "module.hashistack",
      "mode": "data",
      "type": "aws_iam_policy_document",
      "name": "auto_discover_cluster",
      "provider": "provider[\"registry.terraform.io/hashicorp/aws\"]",
      "instances": [
        {
          "schema_version": 0,
          "attributes": {
            "id": "2069168386",
            "json": "{\n  \"Version\": \"2012-10-17\",\n  \"Statement\": [\n    {\n      \"Sid\": \"\",\n      \"Effect\": \"Allow\",\n      \"Action\": [\n        \"ec2:DescribeTags\",\n        \"ec2:DescribeInstances\",\n        \"autoscaling:DescribeAutoScalingGroups\"\n      ],\n      \"Resource\": \"*\"\n    }\n  ]\n}",
            "override_json": null,
            "override_policy_documents": null,
            "policy_id": null,
            "source_json": null,
            "source_policy_documents": null,
            "statement": [
              {
                "actions": [
                  "autoscaling:DescribeAutoScalingGroups",
                  "ec2:DescribeInstances",
                  "ec2:DescribeTags"
                ],
                "condition": [],
                "effect": "Allow",
                "not_actions": [],
                "not_principals": [],
                "not_resources": [],
                "principals": [],
                "resources": [
                  "*"
                ],
                "sid": ""
              }
            ],
            "version": "2012-10-17"
          },
          "sensitive_attributes": []
        }
      ]
    },
    {
      "module": "module.hashistack",
      "mode": "data",
      "type": "aws_iam_policy_document",
      "name": "instance_role",
      "provider": "provider[\"registry.terraform.io/hashicorp/aws\"]",
      "instances": [
        {
          "schema_version": 0,
          "attributes": {
            "id": "1903849331",
            "json": "{\n  \"Version\": \"2012-10-17\",\n  \"Statement\": [\n    {\n      \"Sid\": \"\",\n      \"Effect\": \"Allow\",\n      \"Action\": \"sts:AssumeRole\",\n      \"Principal\": {\n        \"Service\": \"ec2.amazonaws.com\"\n      }\n    }\n  ]\n}",
            "override_json": null,
            "override_policy_documents": null,
            "policy_id": null,
            "source_json": null,
            "source_policy_documents": null,
            "statement": [
              {
                "actions": [
                  "sts:AssumeRole"
                ],
                "condition": [],
                "effect": "Allow",
                "not_actions": [],
                "not_principals": [],
                "not_resources": [],
                "principals": [
                  {
                    "identifiers": [
                      "ec2.amazonaws.com"
                    ],
                    "type": "Service"
                  }
                ],
                "resources": [],
                "sid": ""
              }
            ],
            "version": "2012-10-17"
          },
          "sensitive_attributes": []
        }
      ]
    },
    {
      "module": "module.hashistack",
      "mode": "data",
      "type": "aws_iam_policy_document",
      "name": "mount_ebs_volumes",
      "provider": "provider[\"registry.terraform.io/hashicorp/aws\"]",
      "instances": [
        {
          "schema_version": 0,
          "attributes": {
            "id": "4027803799",
            "json": "{\n  \"Version\": \"2012-10-17\",\n  \"Statement\": [\n    {\n      \"Sid\": \"\",\n      \"Effect\": \"Allow\",\n      \"Action\": [\n        \"ec2:DetachVolume\",\n        \"ec2:DescribeVolumes\",\n        \"ec2:DescribeTags\",\n        \"ec2:DescribeInstances\",\n        \"ec2:AttachVolume\"\n      ],\n      \"Resource\": \"*\"\n    }\n  ]\n}",
            "override_json": null,
            "override_policy_documents": null,
            "policy_id": null,
            "source_json": null,
            "source_policy_documents": null,
            "statement": [
              {
                "actions": [
                  "ec2:AttachVolume",
                  "ec2:DescribeInstances",
                  "ec2:DescribeTags",
                  "ec2:DescribeVolumes",
                  "ec2:DetachVolume"
                ],
                "condition": [],
                "effect": "Allow",
                "not_actions": [],
                "not_principals": [],
                "not_resources": [],
                "principals": [],
                "resources": [
                  "*"
                ],
                "sid": ""
              }
            ],
            "version": "2012-10-17"
          },
          "sensitive_attributes": []
        }
      ]
    },
    {
      "module": "module.hashistack",
      "mode": "data",
      "type": "aws_vpc",
      "name": "default",
      "provider": "provider[\"registry.terraform.io/hashicorp/aws\"]",
      "instances": [
        {
          "schema_version": 0,
          "attributes": {
            "arn": "arn:aws:ec2:us-east-1:267023797923:vpc/vpc-271a045d",
            "cidr_block": "172.31.0.0/16",
            "cidr_block_associations": [
              {
                "association_id": "vpc-cidr-assoc-e4e70c8b",
                "cidr_block": "172.31.0.0/16",
                "state": "associated"
              }
            ],
            "default": true,
            "dhcp_options_id": "dopt-27c3785d",
            "enable_dns_hostnames": true,
            "enable_dns_support": true,
            "filter": null,
            "id": "vpc-271a045d",
            "instance_tenancy": "default",
            "ipv6_association_id": "",
            "ipv6_cidr_block": "",
            "main_route_table_id": "rtb-d36500ad",
            "owner_id": "267023797923",
            "state": null,
            "tags": {
              "Name": "aji_hcp_consul_vault"
            }
          },
          "sensitive_attributes": []
        }
      ]
    },
    {
      "module": "module.hashistack",
      "mode": "data",
      "type": "nomad_plugin",
      "name": "ebs",
      "provider": "provider[\"registry.terraform.io/hashicorp/nomad\"]",
      "instances": [
        {
          "schema_version": 0,
          "attributes": {
            "controller_required": null,
            "controllers_expected": null,
            "controllers_healthy": null,
            "id": null,
            "nodes": null,
            "nodes_expected": null,
            "nodes_healthy": null,
            "plugin_id": null,
            "plugin_provider": null,
            "plugin_provider_version": null,
            "wait_for_healthy": null,
            "wait_for_registration": null
          },
          "sensitive_attributes": []
        }
      ]
    },
    {
      "module": "module.hashistack",
      "mode": "data",
      "type": "nomad_plugin",
      "name": "efs",
      "provider": "provider[\"registry.terraform.io/hashicorp/nomad\"]",
      "instances": [
        {
          "schema_version": 0,
          "attributes": {
            "controller_required": null,
            "controllers_expected": null,
            "controllers_healthy": null,
            "id": null,
            "nodes": null,
            "nodes_expected": null,
            "nodes_healthy": null,
            "plugin_id": null,
            "plugin_provider": null,
            "plugin_provider_version": null,
            "wait_for_healthy": null,
            "wait_for_registration": null
          },
          "sensitive_attributes": []
        }
      ]
    },
    {
      "module": "module.hashistack",
      "mode": "data",
      "type": "template_file",
      "name": "user_data_client",
      "provider": "provider[\"registry.terraform.io/hashicorp/template\"]",
      "instances": [
        {
          "schema_version": 0,
          "attributes": {
            "filename": null,
            "id": "c3bf28bc5f05a8d88f89bce3ed5351ca1ec29c6e4559d4891d1cce766cd64fac",
            "rendered": "#!/bin/bash\n\nset -e\n\nexec \u003e \u003e(sudo tee /var/log/user-data.log|logger -t user-data -s 2\u003e/dev/console) 2\u003e\u00261\nsudo bash /ops/shared/scripts/client.sh \"aws\" \"provider=aws  tag_key=ConsulAutoJoin  tag_value=auto-join \" \"https://releases.hashicorp.com/nomad/1.3.2/nomad_1.3.2_linux_amd64.zip\"\n",
            "template": "#!/bin/bash\n\nset -e\n\nexec \u003e \u003e(sudo tee /var/log/user-data.log|logger -t user-data -s 2\u003e/dev/console) 2\u003e\u00261\nsudo bash /ops/shared/scripts/client.sh \"aws\" \"${retry_join}\" \"${nomad_binary}\"\n",
            "vars": {
              "nomad_binary": "https://releases.hashicorp.com/nomad/1.3.2/nomad_1.3.2_linux_amd64.zip",
              "region": "us-east-1",
              "retry_join": "provider=aws  tag_key=ConsulAutoJoin  tag_value=auto-join "
            }
          },
          "sensitive_attributes": []
        }
      ]
    },
    {
      "module": "module.hashistack",
      "mode": "data",
      "type": "template_file",
      "name": "user_data_server",
      "provider": "provider[\"registry.terraform.io/hashicorp/template\"]",
      "instances": [
        {
          "schema_version": 0,
          "attributes": {
            "filename": null,
            "id": "1d47ba3d4ff6018d27698bc6be3b015ae71296c56d1c242d5e73c5474d7419fc",
            "rendered": "#!/bin/bash\n\nset -e\n\nexec \u003e \u003e(sudo tee /var/log/user-data.log|logger -t user-data -s 2\u003e/dev/console) 2\u003e\u00261\nsudo bash /ops/shared/scripts/server.sh \"aws\" \"1\" \"provider=aws tag_key=ConsulAutoJoin tag_value=auto-join\" \"https://releases.hashicorp.com/nomad/1.3.2/nomad_1.3.2_linux_amd64.zip\"\n",
            "template": "#!/bin/bash\n\nset -e\n\nexec \u003e \u003e(sudo tee /var/log/user-data.log|logger -t user-data -s 2\u003e/dev/console) 2\u003e\u00261\nsudo bash /ops/shared/scripts/server.sh \"aws\" \"${server_count}\" \"${retry_join}\" \"${nomad_binary}\"\n",
            "vars": {
              "nomad_binary": "https://releases.hashicorp.com/nomad/1.3.2/nomad_1.3.2_linux_amd64.zip",
              "region": "us-east-1",
              "retry_join": "provider=aws tag_key=ConsulAutoJoin tag_value=auto-join",
              "server_count": "1"
            }
          },
          "sensitive_attributes": []
        }
      ]
    },
    {
      "module": "module.hashistack",
      "mode": "managed",
      "type": "aws_ebs_volume",
      "name": "aws-ebs0",
      "provider": "provider[\"registry.terraform.io/hashicorp/aws\"]",
      "instances": [
        {
          "schema_version": 0,
          "attributes": {
            "arn": "arn:aws:ec2:us-east-1:267023797923:volume/vol-020b6f76ede459d51",
            "availability_zone": "us-east-1a",
            "encrypted": false,
            "id": "vol-020b6f76ede459d51",
            "iops": 120,
            "kms_key_id": "",
            "multi_attach_enabled": false,
            "outpost_arn": "",
            "size": 40,
            "snapshot_id": "",
            "tags": {},
            "tags_all": {},
            "throughput": 0,
            "type": "gp2"
          },
          "sensitive_attributes": [],
          "private": "bnVsbA==",
          "dependencies": [
            "module.hashistack.aws_iam_instance_profile.instance_profile",
            "module.hashistack.aws_iam_role.instance_role",
            "module.hashistack.aws_instance.client",
            "module.hashistack.aws_instance.server",
            "module.hashistack.aws_security_group.primary",
            "module.hashistack.aws_security_group.server_lb",
            "module.hashistack.data.aws_iam_policy_document.instance_role",
            "module.hashistack.data.aws_vpc.default",
            "module.hashistack.data.template_file.user_data_client",
            "module.hashistack.data.template_file.user_data_server",
            "module.my_ip_address.null_resource.contents",
            "module.my_ip_address.null_resource.contents_if_missing",
            "module.my_ip_address.null_resource.shell",
            "module.my_ip_address.random_uuid.uuid"
          ]
        }
      ]
    },
    {
      "module": "module.hashistack",
      "mode": "managed",
      "type": "aws_efs_file_system",
      "name": "drifter",
      "provider": "provider[\"registry.terraform.io/hashicorp/aws\"]",
      "instances": [
        {
          "schema_version": 0,
          "attributes": {
            "arn": "arn:aws:elasticfilesystem:us-east-1:267023797923:file-system/fs-0e20790725069a11d",
            "availability_zone_id": "",
            "availability_zone_name": "",
            "creation_token": "drifter",
            "dns_name": "fs-0e20790725069a11d.efs.us-east-1.amazonaws.com",
            "encrypted": true,
            "id": "fs-0e20790725069a11d",
            "kms_key_id": "arn:aws:kms:us-east-1:267023797923:key/cdf98a56-50b0-49f5-b701-7772aa25b09e",
            "lifecycle_policy": [],
            "number_of_mount_targets": 2,
            "owner_id": "267023797923",
            "performance_mode": "generalPurpose",
            "provisioned_throughput_in_mibps": 0,
            "size_in_bytes": [
              {
                "value": 186349568,
                "value_in_ia": 0,
                "value_in_standard": 186349568
              }
            ],
            "tags": {
              "Name": "drifter-fs"
            },
            "tags_all": {
              "Name": "drifter-fs"
            },
            "throughput_mode": "bursting"
          },
          "sensitive_attributes": [],
          "private": "bnVsbA=="
        }
      ]
    },
    {
      "module": "module.hashistack",
      "mode": "managed",
      "type": "aws_efs_mount_target",
      "name": "drifter1",
      "provider": "provider[\"registry.terraform.io/hashicorp/aws\"]",
      "instances": [
        {
          "schema_version": 0,
          "attributes": {
            "availability_zone_id": "use1-az4",
            "availability_zone_name": "us-east-1a",
            "dns_name": "fs-0e20790725069a11d.efs.us-east-1.amazonaws.com",
            "file_system_arn": "arn:aws:elasticfilesystem:us-east-1:267023797923:file-system/fs-0e20790725069a11d",
            "file_system_id": "fs-0e20790725069a11d",
            "id": "fsmt-0198eef4fbc93737e",
            "ip_address": "172.31.25.196",
            "mount_target_dns_name": "us-east-1a.fs-0e20790725069a11d.efs.us-east-1.amazonaws.com",
            "network_interface_id": "eni-041f26e8f12df37b3",
            "owner_id": "267023797923",
            "security_groups": [
              "sg-00453f1786cc50486"
            ],
            "subnet_id": "subnet-fc1e8cb1"
          },
          "sensitive_attributes": [],
          "private": "bnVsbA==",
          "dependencies": [
            "module.hashistack.aws_efs_file_system.drifter",
            "module.hashistack.aws_security_group.drifter",
            "module.hashistack.data.aws_vpc.default"
          ]
        }
      ]
    },
    {
      "module": "module.hashistack",
      "mode": "managed",
      "type": "aws_efs_mount_target",
      "name": "drifter2",
      "provider": "provider[\"registry.terraform.io/hashicorp/aws\"]",
      "instances": [
        {
          "schema_version": 0,
          "attributes": {
            "availability_zone_id": "use1-az5",
            "availability_zone_name": "us-east-1f",
            "dns_name": "fs-0e20790725069a11d.efs.us-east-1.amazonaws.com",
            "file_system_arn": "arn:aws:elasticfilesystem:us-east-1:267023797923:file-system/fs-0e20790725069a11d",
            "file_system_id": "fs-0e20790725069a11d",
            "id": "fsmt-07e4939dd9fde91a8",
            "ip_address": "172.31.70.161",
            "mount_target_dns_name": "us-east-1f.fs-0e20790725069a11d.efs.us-east-1.amazonaws.com",
            "network_interface_id": "eni-0c299adc5ecc3ae1d",
            "owner_id": "267023797923",
            "security_groups": [
              "sg-00453f1786cc50486"
            ],
            "subnet_id": "subnet-6564e06b"
          },
          "sensitive_attributes": [],
          "private": "bnVsbA==",
          "dependencies": [
            "module.hashistack.aws_efs_file_system.drifter",
            "module.hashistack.aws_security_group.drifter",
            "module.hashistack.data.aws_vpc.default"
          ]
        }
      ]
    },
    {
      "module": "module.hashistack",
      "mode": "managed",
      "type": "aws_elb",
      "name": "server_lb",
      "provider": "provider[\"registry.terraform.io/hashicorp/aws\"]",
      "instances": [
        {
          "schema_version": 0,
          "attributes": {
            "access_logs": [],
            "arn": "arn:aws:elasticloadbalancing:us-east-1:267023797923:loadbalancer/drifter-server-lb",
            "availability_zones": [
              "us-east-1a"
            ],
            "connection_draining": false,
            "connection_draining_timeout": 300,
            "cross_zone_load_balancing": true,
            "desync_mitigation_mode": "defensive",
            "dns_name": "drifter-server-lb-476273150.us-east-1.elb.amazonaws.com",
            "health_check": [
              {
                "healthy_threshold": 10,
                "interval": 30,
                "target": "TCP:4646",
                "timeout": 5,
                "unhealthy_threshold": 2
              }
            ],
            "id": "drifter-server-lb",
            "idle_timeout": 60,
            "instances": [
              "i-059c7bf940a3db969"
            ],
            "internal": false,
            "listener": [
              {
                "instance_port": 4646,
                "instance_protocol": "http",
                "lb_port": 4646,
                "lb_protocol": "http",
                "ssl_certificate_id": ""
              },
              {
                "instance_port": 8500,
                "instance_protocol": "http",
                "lb_port": 8500,
                "lb_protocol": "http",
                "ssl_certificate_id": ""
              }
            ],
            "name": "drifter-server-lb",
            "name_prefix": null,
            "security_groups": [
              "sg-0cc87760cdaf67ebf"
            ],
            "source_security_group": "267023797923/drifter-server-lb",
            "source_security_group_id": "sg-0cc87760cdaf67ebf",
            "subnets": [
              "subnet-fc1e8cb1"
            ],
            "tags": {},
            "tags_all": {},
            "zone_id": "Z35SXDOTRQ7X7K"
          },
          "sensitive_attributes": [],
          "private": "bnVsbA==",
          "dependencies": [
            "module.hashistack.aws_instance.server",
            "module.hashistack.aws_security_group.server_lb"
          ]
        }
      ]
    },
    {
      "module": "module.hashistack",
      "mode": "managed",
      "type": "aws_iam_instance_profile",
      "name": "instance_profile",
      "provider": "provider[\"registry.terraform.io/hashicorp/aws\"]",
      "instances": [
        {
          "schema_version": 0,
          "attributes": {
            "arn": "arn:aws:iam::267023797923:instance-profile/drifter20220627213848430000000003",
            "create_date": "2022-06-27T21:38:48Z",
            "id": "drifter20220627213848430000000003",
            "name": "drifter20220627213848430000000003",
            "name_prefix": "drifter",
            "path": "/",
            "role": "drifter20220627213847260200000001",
            "tags": {},
            "tags_all": {},
            "unique_id": "AIPAT4K63Z2R5DTPCJDHQ"
          },
          "sensitive_attributes": [],
          "private": "bnVsbA==",
          "dependencies": [
            "module.hashistack.aws_iam_role.instance_role",
            "module.hashistack.data.aws_iam_policy_document.instance_role"
          ]
        }
      ]
    },
    {
      "module": "module.hashistack",
      "mode": "managed",
      "type": "aws_iam_role",
      "name": "instance_role",
      "provider": "provider[\"registry.terraform.io/hashicorp/aws\"]",
      "instances": [
        {
          "schema_version": 0,
          "attributes": {
            "arn": "arn:aws:iam::267023797923:role/drifter20220627213847260200000001",
            "assume_role_policy": "{\"Version\":\"2012-10-17\",\"Statement\":[{\"Sid\":\"\",\"Effect\":\"Allow\",\"Principal\":{\"Service\":\"ec2.amazonaws.com\"},\"Action\":\"sts:AssumeRole\"}]}",
            "create_date": "2022-06-27T21:38:47Z",
            "description": "",
            "force_detach_policies": false,
            "id": "drifter20220627213847260200000001",
            "inline_policy": [
              {
                "name": "auto-discover-cluster",
                "policy": "{\n  \"Version\": \"2012-10-17\",\n  \"Statement\": [\n    {\n      \"Sid\": \"\",\n      \"Effect\": \"Allow\",\n      \"Action\": [\n        \"ec2:DescribeTags\",\n        \"ec2:DescribeInstances\",\n        \"autoscaling:DescribeAutoScalingGroups\"\n      ],\n      \"Resource\": \"*\"\n    }\n  ]\n}"
              },
              {
                "name": "mount-ebs-volumes",
                "policy": "{\n  \"Version\": \"2012-10-17\",\n  \"Statement\": [\n    {\n      \"Sid\": \"\",\n      \"Effect\": \"Allow\",\n      \"Action\": [\n        \"ec2:DetachVolume\",\n        \"ec2:DescribeVolumes\",\n        \"ec2:DescribeTags\",\n        \"ec2:DescribeInstances\",\n        \"ec2:AttachVolume\"\n      ],\n      \"Resource\": \"*\"\n    }\n  ]\n}"
              }
            ],
            "managed_policy_arns": [
              "arn:aws:iam::267023797923:policy/SecurityComputeAccess"
            ],
            "max_session_duration": 3600,
            "name": "drifter20220627213847260200000001",
            "name_prefix": "drifter",
            "path": "/",
            "permissions_boundary": null,
            "tags": {},
            "tags_all": {},
            "unique_id": "AROAT4K63Z2R6SFH6NMS6"
          },
          "sensitive_attributes": [],
          "private": "bnVsbA==",
          "dependencies": [
            "module.hashistack.data.aws_iam_policy_document.instance_role"
          ]
        }
      ]
    },
    {
      "module": "module.hashistack",
      "mode": "managed",
      "type": "aws_iam_role_policy",
      "name": "auto_discover_cluster",
      "provider": "provider[\"registry.terraform.io/hashicorp/aws\"]",
      "instances": [
        {
          "schema_version": 0,
          "attributes": {
            "id": "drifter20220627213847260200000001:auto-discover-cluster",
            "name": "auto-discover-cluster",
            "name_prefix": null,
            "policy": "{\n  \"Version\": \"2012-10-17\",\n  \"Statement\": [\n    {\n      \"Sid\": \"\",\n      \"Effect\": \"Allow\",\n      \"Action\": [\n        \"ec2:DescribeTags\",\n        \"ec2:DescribeInstances\",\n        \"autoscaling:DescribeAutoScalingGroups\"\n      ],\n      \"Resource\": \"*\"\n    }\n  ]\n}",
            "role": "drifter20220627213847260200000001"
          },
          "sensitive_attributes": [],
          "private": "bnVsbA==",
          "dependencies": [
            "module.hashistack.aws_iam_role.instance_role",
            "module.hashistack.data.aws_iam_policy_document.auto_discover_cluster",
            "module.hashistack.data.aws_iam_policy_document.instance_role"
          ]
        }
      ]
    },
    {
      "module": "module.hashistack",
      "mode": "managed",
      "type": "aws_iam_role_policy",
      "name": "mount_ebs_volumes",
      "provider": "provider[\"registry.terraform.io/hashicorp/aws\"]",
      "instances": [
        {
          "schema_version": 0,
          "attributes": {
            "id": "drifter20220627213847260200000001:mount-ebs-volumes",
            "name": "mount-ebs-volumes",
            "name_prefix": null,
            "policy": "{\n  \"Version\": \"2012-10-17\",\n  \"Statement\": [\n    {\n      \"Sid\": \"\",\n      \"Effect\": \"Allow\",\n      \"Action\": [\n        \"ec2:DetachVolume\",\n        \"ec2:DescribeVolumes\",\n        \"ec2:DescribeTags\",\n        \"ec2:DescribeInstances\",\n        \"ec2:AttachVolume\"\n      ],\n      \"Resource\": \"*\"\n    }\n  ]\n}",
            "role": "drifter20220627213847260200000001"
          },
          "sensitive_attributes": [],
          "private": "bnVsbA==",
          "dependencies": [
            "module.hashistack.aws_iam_role.instance_role",
            "module.hashistack.data.aws_iam_policy_document.instance_role",
            "module.hashistack.data.aws_iam_policy_document.mount_ebs_volumes"
          ]
        }
      ]
    },
    {
      "module": "module.hashistack",
      "mode": "managed",
      "type": "aws_instance",
      "name": "client",
      "provider": "provider[\"registry.terraform.io/hashicorp/aws\"]",
      "instances": [
        {
          "index_key": 0,
          "schema_version": 1,
          "attributes": {
            "ami": "ami-0991c8855b25fb5ff",
            "arn": "arn:aws:ec2:us-east-1:267023797923:instance/i-0f0bbb1b0233eb631",
            "associate_public_ip_address": true,
            "availability_zone": "us-east-1a",
            "capacity_reservation_specification": [
              {
                "capacity_reservation_preference": "open",
                "capacity_reservation_target": []
              }
            ],
            "cpu_core_count": 2,
            "cpu_threads_per_core": 1,
            "credit_specification": [
              {
                "cpu_credits": "standard"
              }
            ],
            "disable_api_termination": false,
            "ebs_block_device": [
              {
                "delete_on_termination": true,
                "device_name": "/dev/xvdd",
                "encrypted": false,
                "iops": 150,
                "kms_key_id": "",
                "snapshot_id": "",
                "tags": {},
                "throughput": 0,
                "volume_id": "vol-0f947821f97922179",
                "volume_size": 50,
                "volume_type": "gp2"
              }
            ],
            "ebs_optimized": false,
            "enclave_options": [
              {
                "enabled": false
              }
            ],
            "ephemeral_block_device": [],
            "get_password_data": false,
            "hibernation": false,
            "host_id": null,
            "iam_instance_profile": "drifter20220627213848430000000003",
            "id": "i-0f0bbb1b0233eb631",
            "instance_initiated_shutdown_behavior": "stop",
            "instance_state": "running",
            "instance_type": "t2.medium",
            "ipv6_address_count": 0,
            "ipv6_addresses": [],
            "key_name": "lvd-nomad",
            "launch_template": [],
            "metadata_options": [
              {
                "http_endpoint": "enabled",
                "http_put_response_hop_limit": 1,
                "http_tokens": "optional",
                "instance_metadata_tags": "disabled"
              }
            ],
            "monitoring": false,
            "network_interface": [],
            "outpost_arn": "",
            "password_data": "",
            "placement_group": "",
            "placement_partition_number": null,
            "primary_network_interface_id": "eni-0b73eae1556c730c4",
            "private_dns": "ip-172-31-29-134.ec2.internal",
            "private_ip": "172.31.29.134",
            "public_dns": "ec2-34-234-87-162.compute-1.amazonaws.com",
            "public_ip": "34.234.87.162",
            "root_block_device": [
              {
                "delete_on_termination": true,
                "device_name": "/dev/sda1",
                "encrypted": false,
                "iops": 100,
                "kms_key_id": "",
                "tags": {},
                "throughput": 0,
                "volume_id": "vol-0a8037595c01a7fa3",
                "volume_size": 16,
                "volume_type": "gp2"
              }
            ],
            "secondary_private_ips": [],
            "security_groups": [
              "drifter"
            ],
            "source_dest_check": true,
            "subnet_id": "subnet-fc1e8cb1",
            "tags": {
              "ConsulAutoJoin": "auto-join",
              "Name": "drifter-client-0"
            },
            "tags_all": {
              "ConsulAutoJoin": "auto-join",
              "Name": "drifter-client-0"
            },
            "tenancy": "default",
            "timeouts": null,
            "user_data": "b13b5b8cdfa4aed18638b502ef2b1e5690f79de9",
            "user_data_base64": null,
            "volume_tags": null,
            "vpc_security_group_ids": [
              "sg-0ffad560659b7c2d5"
            ]
          },
          "sensitive_attributes": [],
          "private": "eyJlMmJmYjczMC1lY2FhLTExZTYtOGY4OC0zNDM2M2JjN2M0YzAiOnsiY3JlYXRlIjo2MDAwMDAwMDAwMDAsImRlbGV0ZSI6MTIwMDAwMDAwMDAwMCwidXBkYXRlIjo2MDAwMDAwMDAwMDB9LCJzY2hlbWFfdmVyc2lvbiI6IjEifQ==",
          "dependencies": [
            "module.hashistack.aws_iam_instance_profile.instance_profile",
            "module.hashistack.aws_iam_role.instance_role",
            "module.hashistack.aws_instance.server",
            "module.hashistack.aws_security_group.primary",
            "module.hashistack.aws_security_group.server_lb",
            "module.hashistack.data.aws_iam_policy_document.instance_role",
            "module.hashistack.data.aws_vpc.default",
            "module.hashistack.data.template_file.user_data_client",
            "module.hashistack.data.template_file.user_data_server",
            "module.my_ip_address.null_resource.contents",
            "module.my_ip_address.null_resource.contents_if_missing",
            "module.my_ip_address.null_resource.shell",
            "module.my_ip_address.random_uuid.uuid"
          ]
        },
        {
          "index_key": 1,
          "schema_version": 1,
          "attributes": {
            "ami": "ami-0991c8855b25fb5ff",
            "arn": "arn:aws:ec2:us-east-1:267023797923:instance/i-02abebee20faa3ea9",
            "associate_public_ip_address": true,
            "availability_zone": "us-east-1a",
            "capacity_reservation_specification": [
              {
                "capacity_reservation_preference": "open",
                "capacity_reservation_target": []
              }
            ],
            "cpu_core_count": 2,
            "cpu_threads_per_core": 1,
            "credit_specification": [
              {
                "cpu_credits": "standard"
              }
            ],
            "disable_api_termination": false,
            "ebs_block_device": [
              {
                "delete_on_termination": true,
                "device_name": "/dev/xvdd",
                "encrypted": false,
                "iops": 150,
                "kms_key_id": "",
                "snapshot_id": "",
                "tags": {},
                "throughput": 0,
                "volume_id": "vol-0a3e82d463d297f1e",
                "volume_size": 50,
                "volume_type": "gp2"
              }
            ],
            "ebs_optimized": false,
            "enclave_options": [
              {
                "enabled": false
              }
            ],
            "ephemeral_block_device": [],
            "get_password_data": false,
            "hibernation": false,
            "host_id": null,
            "iam_instance_profile": "drifter20220627213848430000000003",
            "id": "i-02abebee20faa3ea9",
            "instance_initiated_shutdown_behavior": "stop",
            "instance_state": "running",
            "instance_type": "t2.medium",
            "ipv6_address_count": 0,
            "ipv6_addresses": [],
            "key_name": "lvd-nomad",
            "launch_template": [],
            "metadata_options": [
              {
                "http_endpoint": "enabled",
                "http_put_response_hop_limit": 1,
                "http_tokens": "optional",
                "instance_metadata_tags": "disabled"
              }
            ],
            "monitoring": false,
            "network_interface": [],
            "outpost_arn": "",
            "password_data": "",
            "placement_group": "",
            "placement_partition_number": null,
            "primary_network_interface_id": "eni-0726fab660a3bd1cc",
            "private_dns": "ip-172-31-17-68.ec2.internal",
            "private_ip": "172.31.17.68",
            "public_dns": "ec2-18-232-139-131.compute-1.amazonaws.com",
            "public_ip": "18.232.139.131",
            "root_block_device": [
              {
                "delete_on_termination": true,
                "device_name": "/dev/sda1",
                "encrypted": false,
                "iops": 100,
                "kms_key_id": "",
                "tags": {},
                "throughput": 0,
                "volume_id": "vol-02411dd2bb8901c76",
                "volume_size": 16,
                "volume_type": "gp2"
              }
            ],
            "secondary_private_ips": [],
            "security_groups": [
              "drifter"
            ],
            "source_dest_check": true,
            "subnet_id": "subnet-fc1e8cb1",
            "tags": {
              "ConsulAutoJoin": "auto-join",
              "Name": "drifter-client-1"
            },
            "tags_all": {
              "ConsulAutoJoin": "auto-join",
              "Name": "drifter-client-1"
            },
            "tenancy": "default",
            "timeouts": null,
            "user_data": "b13b5b8cdfa4aed18638b502ef2b1e5690f79de9",
            "user_data_base64": null,
            "volume_tags": null,
            "vpc_security_group_ids": [
              "sg-0ffad560659b7c2d5"
            ]
          },
          "sensitive_attributes": [],
          "private": "eyJlMmJmYjczMC1lY2FhLTExZTYtOGY4OC0zNDM2M2JjN2M0YzAiOnsiY3JlYXRlIjo2MDAwMDAwMDAwMDAsImRlbGV0ZSI6MTIwMDAwMDAwMDAwMCwidXBkYXRlIjo2MDAwMDAwMDAwMDB9LCJzY2hlbWFfdmVyc2lvbiI6IjEifQ==",
          "dependencies": [
            "module.hashistack.aws_iam_instance_profile.instance_profile",
            "module.hashistack.aws_iam_role.instance_role",
            "module.hashistack.aws_instance.server",
            "module.hashistack.aws_security_group.primary",
            "module.hashistack.aws_security_group.server_lb",
            "module.hashistack.data.aws_iam_policy_document.instance_role",
            "module.hashistack.data.aws_vpc.default",
            "module.hashistack.data.template_file.user_data_client",
            "module.hashistack.data.template_file.user_data_server",
            "module.my_ip_address.null_resource.contents",
            "module.my_ip_address.null_resource.contents_if_missing",
            "module.my_ip_address.null_resource.shell",
            "module.my_ip_address.random_uuid.uuid"
          ]
        }
      ]
    },
    {
      "module": "module.hashistack",
      "mode": "managed",
      "type": "aws_instance",
      "name": "server",
      "provider": "provider[\"registry.terraform.io/hashicorp/aws\"]",
      "instances": [
        {
          "index_key": 0,
          "schema_version": 1,
          "attributes": {
            "ami": "ami-0991c8855b25fb5ff",
            "arn": "arn:aws:ec2:us-east-1:267023797923:instance/i-059c7bf940a3db969",
            "associate_public_ip_address": true,
            "availability_zone": "us-east-1a",
            "capacity_reservation_specification": [
              {
                "capacity_reservation_preference": "open",
                "capacity_reservation_target": []
              }
            ],
            "cpu_core_count": 2,
            "cpu_threads_per_core": 1,
            "credit_specification": [
              {
                "cpu_credits": "standard"
              }
            ],
            "disable_api_termination": false,
            "ebs_block_device": [],
            "ebs_optimized": false,
            "enclave_options": [
              {
                "enabled": false
              }
            ],
            "ephemeral_block_device": [],
            "get_password_data": false,
            "hibernation": false,
            "host_id": null,
            "iam_instance_profile": "drifter20220627213848430000000003",
            "id": "i-059c7bf940a3db969",
            "instance_initiated_shutdown_behavior": "stop",
            "instance_state": "running",
            "instance_type": "t2.medium",
            "ipv6_address_count": 0,
            "ipv6_addresses": [],
            "key_name": "lvd-nomad",
            "launch_template": [],
            "metadata_options": [
              {
                "http_endpoint": "enabled",
                "http_put_response_hop_limit": 1,
                "http_tokens": "optional",
                "instance_metadata_tags": "disabled"
              }
            ],
            "monitoring": false,
            "network_interface": [],
            "outpost_arn": "",
            "password_data": "",
            "placement_group": "",
            "placement_partition_number": null,
            "primary_network_interface_id": "eni-0949ed96eea189c7d",
            "private_dns": "ip-172-31-27-160.ec2.internal",
            "private_ip": "172.31.27.160",
            "public_dns": "ec2-34-227-205-229.compute-1.amazonaws.com",
            "public_ip": "34.227.205.229",
            "root_block_device": [
              {
                "delete_on_termination": true,
                "device_name": "/dev/sda1",
                "encrypted": false,
                "iops": 100,
                "kms_key_id": "",
                "tags": {},
                "throughput": 0,
                "volume_id": "vol-0b46415f52c9d1031",
                "volume_size": 16,
                "volume_type": "gp2"
              }
            ],
            "secondary_private_ips": [],
            "security_groups": [
              "drifter"
            ],
            "source_dest_check": true,
            "subnet_id": "subnet-fc1e8cb1",
            "tags": {
              "ConsulAutoJoin": "auto-join",
              "Name": "drifter-server-0"
            },
            "tags_all": {
              "ConsulAutoJoin": "auto-join",
              "Name": "drifter-server-0"
            },
            "tenancy": "default",
            "timeouts": null,
            "user_data": "db1a2515c4b1ed22036955bd53f70d37b53b248d",
            "user_data_base64": null,
            "volume_tags": null,
            "vpc_security_group_ids": [
              "sg-0ffad560659b7c2d5"
            ]
          },
          "sensitive_attributes": [],
          "private": "eyJlMmJmYjczMC1lY2FhLTExZTYtOGY4OC0zNDM2M2JjN2M0YzAiOnsiY3JlYXRlIjo2MDAwMDAwMDAwMDAsImRlbGV0ZSI6MTIwMDAwMDAwMDAwMCwidXBkYXRlIjo2MDAwMDAwMDAwMDB9LCJzY2hlbWFfdmVyc2lvbiI6IjEifQ==",
          "dependencies": [
            "module.hashistack.aws_iam_instance_profile.instance_profile",
            "module.hashistack.aws_iam_role.instance_role",
            "module.hashistack.aws_security_group.primary",
            "module.hashistack.aws_security_group.server_lb",
            "module.hashistack.data.aws_iam_policy_document.instance_role",
            "module.hashistack.data.aws_vpc.default",
            "module.hashistack.data.template_file.user_data_server",
            "module.my_ip_address.null_resource.contents",
            "module.my_ip_address.null_resource.contents_if_missing",
            "module.my_ip_address.null_resource.shell",
            "module.my_ip_address.random_uuid.uuid"
          ]
        }
      ]
    },
    {
      "module": "module.hashistack",
      "mode": "managed",
      "type": "aws_security_group",
      "name": "drifter",
      "provider": "provider[\"registry.terraform.io/hashicorp/aws\"]",
      "instances": [
        {
          "schema_version": 1,
          "attributes": {
            "arn": "arn:aws:ec2:us-east-1:267023797923:security-group/sg-00453f1786cc50486",
            "description": "EFS Access Security Group",
            "egress": [
              {
                "cidr_blocks": [
                  "0.0.0.0/0"
                ],
                "description": "",
                "from_port": 0,
                "ipv6_cidr_blocks": [],
                "prefix_list_ids": [],
                "protocol": "-1",
                "security_groups": [],
                "self": false,
                "to_port": 0
              }
            ],
            "id": "sg-00453f1786cc50486",
            "ingress": [
              {
                "cidr_blocks": [
                  "172.31.0.0/16"
                ],
                "description": "Ingress rule to allow traffic to EFS",
                "from_port": 2049,
                "ipv6_cidr_blocks": [],
                "prefix_list_ids": [],
                "protocol": "tcp",
                "security_groups": [],
                "self": false,
                "to_port": 2049
              }
            ],
            "name": "terraform-20220627213847260500000002",
            "name_prefix": "terraform-",
            "owner_id": "267023797923",
            "revoke_rules_on_delete": false,
            "tags": {
              "Name": "drifter-EFS"
            },
            "tags_all": {
              "Name": "drifter-EFS"
            },
            "timeouts": null,
            "vpc_id": "vpc-271a045d"
          },
          "sensitive_attributes": [],
          "private": "eyJlMmJmYjczMC1lY2FhLTExZTYtOGY4OC0zNDM2M2JjN2M0YzAiOnsiY3JlYXRlIjo2MDAwMDAwMDAwMDAsImRlbGV0ZSI6OTAwMDAwMDAwMDAwfSwic2NoZW1hX3ZlcnNpb24iOiIxIn0=",
          "dependencies": [
            "module.hashistack.data.aws_vpc.default"
          ]
        }
      ]
    },
    {
      "module": "module.hashistack",
      "mode": "managed",
      "type": "aws_security_group",
      "name": "primary",
      "provider": "provider[\"registry.terraform.io/hashicorp/aws\"]",
      "instances": [
        {
          "schema_version": 1,
          "attributes": {
            "arn": "arn:aws:ec2:us-east-1:267023797923:security-group/sg-0ffad560659b7c2d5",
            "description": "Managed by Terraform",
            "egress": [
              {
                "cidr_blocks": [
                  "0.0.0.0/0"
                ],
                "description": "",
                "from_port": 0,
                "ipv6_cidr_blocks": [],
                "prefix_list_ids": [],
                "protocol": "-1",
                "security_groups": [],
                "self": false,
                "to_port": 0
              }
            ],
            "id": "sg-0ffad560659b7c2d5",
            "ingress": [
              {
                "cidr_blocks": [
                  "72.207.74.177/32"
                ],
                "description": "",
                "from_port": 18080,
                "ipv6_cidr_blocks": [],
                "prefix_list_ids": [],
                "protocol": "tcp",
                "security_groups": [],
                "self": false,
                "to_port": 18080
              },
              {
                "cidr_blocks": [
                  "72.207.74.177/32"
                ],
                "description": "",
                "from_port": 22,
                "ipv6_cidr_blocks": [],
                "prefix_list_ids": [],
                "protocol": "tcp",
                "security_groups": [],
                "self": false,
                "to_port": 22
              },
              {
                "cidr_blocks": [
                  "72.207.74.177/32"
                ],
                "description": "",
                "from_port": 4646,
                "ipv6_cidr_blocks": [],
                "prefix_list_ids": [],
                "protocol": "tcp",
                "security_groups": [
                  "sg-0cc87760cdaf67ebf"
                ],
                "self": false,
                "to_port": 4646
              },
              {
                "cidr_blocks": [
                  "72.207.74.177/32"
                ],
                "description": "",
                "from_port": 50070,
                "ipv6_cidr_blocks": [],
                "prefix_list_ids": [],
                "protocol": "tcp",
                "security_groups": [],
                "self": false,
                "to_port": 50070
              },
              {
                "cidr_blocks": [
                  "72.207.74.177/32"
                ],
                "description": "",
                "from_port": 50075,
                "ipv6_cidr_blocks": [],
                "prefix_list_ids": [],
                "protocol": "tcp",
                "security_groups": [],
                "self": false,
                "to_port": 50075
              },
              {
                "cidr_blocks": [
                  "72.207.74.177/32"
                ],
                "description": "",
                "from_port": 8500,
                "ipv6_cidr_blocks": [],
                "prefix_list_ids": [],
                "protocol": "tcp",
                "security_groups": [
                  "sg-0cc87760cdaf67ebf"
                ],
                "self": false,
                "to_port": 8500
              },
              {
                "cidr_blocks": [
                  "72.207.74.177/32"
                ],
                "description": "",
                "from_port": 8888,
                "ipv6_cidr_blocks": [],
                "prefix_list_ids": [],
                "protocol": "tcp",
                "security_groups": [],
                "self": false,
                "to_port": 8888
              },
              {
                "cidr_blocks": [
                  "72.207.74.177/32"
                ],
                "description": "",
                "from_port": 9998,
                "ipv6_cidr_blocks": [],
                "prefix_list_ids": [],
                "protocol": "tcp",
                "security_groups": [],
                "self": false,
                "to_port": 9999
              },
              {
                "cidr_blocks": [],
                "description": "",
                "from_port": 0,
                "ipv6_cidr_blocks": [],
                "prefix_list_ids": [],
                "protocol": "-1",
                "security_groups": [],
                "self": true,
                "to_port": 0
              }
            ],
            "name": "drifter",
            "name_prefix": "",
            "owner_id": "267023797923",
            "revoke_rules_on_delete": false,
            "tags": {},
            "tags_all": {},
            "timeouts": null,
            "vpc_id": "vpc-271a045d"
          },
          "sensitive_attributes": [],
          "private": "eyJlMmJmYjczMC1lY2FhLTExZTYtOGY4OC0zNDM2M2JjN2M0YzAiOnsiY3JlYXRlIjo2MDAwMDAwMDAwMDAsImRlbGV0ZSI6OTAwMDAwMDAwMDAwfSwic2NoZW1hX3ZlcnNpb24iOiIxIn0=",
          "dependencies": [
            "module.hashistack.aws_security_group.server_lb",
            "module.hashistack.data.aws_vpc.default",
            "module.my_ip_address.null_resource.contents",
            "module.my_ip_address.null_resource.contents_if_missing",
            "module.my_ip_address.null_resource.shell",
            "module.my_ip_address.random_uuid.uuid"
          ]
        }
      ]
    },
    {
      "module": "module.hashistack",
      "mode": "managed",
      "type": "aws_security_group",
      "name": "server_lb",
      "provider": "provider[\"registry.terraform.io/hashicorp/aws\"]",
      "instances": [
        {
          "schema_version": 1,
          "attributes": {
            "arn": "arn:aws:ec2:us-east-1:267023797923:security-group/sg-0cc87760cdaf67ebf",
            "description": "Managed by Terraform",
            "egress": [
              {
                "cidr_blocks": [
                  "0.0.0.0/0"
                ],
                "description": "",
                "from_port": 0,
                "ipv6_cidr_blocks": [],
                "prefix_list_ids": [],
                "protocol": "-1",
                "security_groups": [],
                "self": false,
                "to_port": 0
              }
            ],
            "id": "sg-0cc87760cdaf67ebf",
            "ingress": [
              {
                "cidr_blocks": [
                  "72.207.74.177/32"
                ],
                "description": "",
                "from_port": 4646,
                "ipv6_cidr_blocks": [],
                "prefix_list_ids": [],
                "protocol": "tcp",
                "security_groups": [],
                "self": false,
                "to_port": 4646
              },
              {
                "cidr_blocks": [
                  "72.207.74.177/32"
                ],
                "description": "",
                "from_port": 8500,
                "ipv6_cidr_blocks": [],
                "prefix_list_ids": [],
                "protocol": "tcp",
                "security_groups": [],
                "self": false,
                "to_port": 8500
              }
            ],
            "name": "drifter-server-lb",
            "name_prefix": "",
            "owner_id": "267023797923",
            "revoke_rules_on_delete": false,
            "tags": {},
            "tags_all": {},
            "timeouts": null,
            "vpc_id": "vpc-271a045d"
          },
          "sensitive_attributes": [],
          "private": "eyJlMmJmYjczMC1lY2FhLTExZTYtOGY4OC0zNDM2M2JjN2M0YzAiOnsiY3JlYXRlIjo2MDAwMDAwMDAwMDAsImRlbGV0ZSI6OTAwMDAwMDAwMDAwfSwic2NoZW1hX3ZlcnNpb24iOiIxIn0=",
          "dependencies": [
            "module.hashistack.data.aws_vpc.default",
            "module.my_ip_address.null_resource.contents",
            "module.my_ip_address.null_resource.contents_if_missing",
            "module.my_ip_address.null_resource.shell",
            "module.my_ip_address.random_uuid.uuid"
          ]
        }
      ]
    },
    {
      "module": "module.hashistack",
      "mode": "managed",
      "type": "aws_security_group_rule",
      "name": "drifter-egress",
      "provider": "provider[\"registry.terraform.io/hashicorp/aws\"]",
      "instances": [
        {
          "schema_version": 2,
          "attributes": {
            "cidr_blocks": [
              "0.0.0.0/0"
            ],
            "description": "",
            "from_port": 0,
            "id": "sgrule-1565475570",
            "ipv6_cidr_blocks": [],
            "prefix_list_ids": [],
            "protocol": "-1",
            "security_group_id": "sg-00453f1786cc50486",
            "self": false,
            "source_security_group_id": null,
            "to_port": 0,
            "type": "egress"
          },
          "sensitive_attributes": [],
          "private": "eyJzY2hlbWFfdmVyc2lvbiI6IjIifQ==",
          "dependencies": [
            "module.hashistack.aws_security_group.drifter",
            "module.hashistack.data.aws_vpc.default"
          ]
        }
      ]
    },
    {
      "module": "module.hashistack",
      "mode": "managed",
      "type": "aws_security_group_rule",
      "name": "drifter-ingress",
      "provider": "provider[\"registry.terraform.io/hashicorp/aws\"]",
      "instances": [
        {
          "schema_version": 2,
          "attributes": {
            "cidr_blocks": [
              "172.31.0.0/16"
            ],
            "description": "Ingress rule to allow traffic to EFS",
            "from_port": 2049,
            "id": "sgrule-2323727752",
            "ipv6_cidr_blocks": [],
            "prefix_list_ids": [],
            "protocol": "tcp",
            "security_group_id": "sg-00453f1786cc50486",
            "self": false,
            "source_security_group_id": null,
            "to_port": 2049,
            "type": "ingress"
          },
          "sensitive_attributes": [],
          "private": "eyJzY2hlbWFfdmVyc2lvbiI6IjIifQ==",
          "dependencies": [
            "module.hashistack.aws_security_group.drifter",
            "module.hashistack.data.aws_vpc.default"
          ]
        }
      ]
    },
    {
      "module": "module.hashistack",
      "mode": "managed",
      "type": "nomad_job",
      "name": "drifter-mysql",
      "provider": "provider[\"registry.terraform.io/hashicorp/nomad\"]",
      "instances": []
    },
    {
      "module": "module.hashistack",
      "mode": "managed",
      "type": "nomad_job",
      "name": "mysql-ebs",
      "provider": "provider[\"registry.terraform.io/hashicorp/nomad\"]",
      "instances": []
    },
    {
      "module": "module.hashistack",
      "mode": "managed",
      "type": "nomad_volume",
      "name": "aws-ebs0",
      "provider": "provider[\"registry.terraform.io/hashicorp/nomad\"]",
      "instances": []
    },
    {
      "module": "module.hashistack",
      "mode": "managed",
      "type": "nomad_volume",
      "name": "aws-efs0",
      "provider": "provider[\"registry.terraform.io/hashicorp/nomad\"]",
      "instances": []
    },
    {
      "module": "module.hashistack",
      "mode": "managed",
      "type": "time_sleep",
      "name": "wait_2_min",
      "provider": "provider[\"registry.terraform.io/hashicorp/time\"]",
      "instances": [
        {
          "schema_version": 0,
          "attributes": {
            "create_duration": "2m",
            "destroy_duration": null,
            "id": "2022-06-27T21:41:33Z",
            "triggers": null
          },
          "sensitive_attributes": [],
          "private": "bnVsbA==",
          "dependencies": [
            "module.hashistack.aws_elb.server_lb",
            "module.hashistack.aws_iam_instance_profile.instance_profile",
            "module.hashistack.aws_iam_role.instance_role",
            "module.hashistack.aws_instance.server",
            "module.hashistack.aws_security_group.primary",
            "module.hashistack.aws_security_group.server_lb",
            "module.hashistack.data.aws_iam_policy_document.instance_role",
            "module.hashistack.data.aws_vpc.default",
            "module.hashistack.data.template_file.user_data_server",
            "module.my_ip_address.null_resource.contents",
            "module.my_ip_address.null_resource.contents_if_missing",
            "module.my_ip_address.null_resource.shell",
            "module.my_ip_address.random_uuid.uuid"
          ]
        }
      ]
    },
    {
      "module": "module.my_ip_address",
      "mode": "managed",
      "type": "null_resource",
      "name": "contents",
      "provider": "provider[\"registry.terraform.io/hashicorp/null\"]",
      "instances": [
        {
          "schema_version": 0,
          "attributes": {
            "id": "3090354182352255307",
            "triggers": {
              "exitstatus": "0",
              "id": "428607189899820762",
              "stderr": "  % Total    % Received % Xferd  Average Speed   Time    Time     Time  Current\n                                 Dload  Upload   Total   Spent    Left  Speed\n\r  0     0    0     0    0     0      0      0 --:--:-- --:--:-- --:--:--     0\r100    13  100    13    0     0     63      0 --:--:-- --:--:-- --:--:--    63",
              "stdout": "72.207.74.177"
            }
          },
          "sensitive_attributes": [],
          "private": "bnVsbA==",
          "dependencies": [
            "module.my_ip_address.null_resource.contents_if_missing",
            "module.my_ip_address.null_resource.shell",
            "module.my_ip_address.random_uuid.uuid"
          ]
        }
      ]
    },
    {
      "module": "module.my_ip_address",
      "mode": "managed",
      "type": "null_resource",
      "name": "contents_if_missing",
      "provider": "provider[\"registry.terraform.io/hashicorp/null\"]",
      "instances": [
        {
          "schema_version": 0,
          "attributes": {
            "id": "854593671190972602",
            "triggers": {
              "exitstatus": "0",
              "stderr": "72.207.74.177",
              "stdout": "72.207.74.177"
            }
          },
          "sensitive_attributes": [],
          "private": "bnVsbA==",
          "dependencies": [
            "module.my_ip_address.null_resource.shell",
            "module.my_ip_address.random_uuid.uuid"
          ]
        }
      ]
    },
    {
      "module": "module.my_ip_address",
      "mode": "managed",
      "type": "null_resource",
      "name": "shell",
      "provider": "provider[\"registry.terraform.io/hashicorp/null\"]",
      "instances": [
        {
          "schema_version": 0,
          "attributes": {
            "id": "428607189899820762",
            "triggers": {
              "command_unix": "curl https://ipinfo.io/ip",
              "command_when_destroy_unix": ":",
              "command_when_destroy_windows": "% ':'",
              "command_windows": "curl https://ipinfo.io/ip",
              "environment_keys": "",
              "environment_values": "",
              "fail_on_error": "false",
              "random_uuid": "d99fc4a9-2f73-41c2-31ee-a439152e6914",
              "sensitive_environment_keys": "",
              "sensitive_environment_values": "e3b0c44298fc1c149afbf4c8996fb92427ae41e4649b934ca495991b7852b855",
              "trigger": "",
              "working_dir": ""
            }
          },
          "sensitive_attributes": [],
          "private": "bnVsbA==",
          "dependencies": [
            "module.my_ip_address.random_uuid.uuid"
          ]
        }
      ]
    },
    {
      "module": "module.my_ip_address",
      "mode": "managed",
      "type": "random_uuid",
      "name": "uuid",
      "provider": "provider[\"registry.terraform.io/hashicorp/random\"]",
      "instances": [
        {
          "schema_version": 0,
          "attributes": {
            "id": "d99fc4a9-2f73-41c2-31ee-a439152e6914",
            "keepers": null,
            "result": "d99fc4a9-2f73-41c2-31ee-a439152e6914"
          },
          "sensitive_attributes": [],
          "private": "bnVsbA=="
        }
      ]
    }
  ]
}
